{
  "version": 4,
  "terraform_version": "1.15.7",
  "serial": 72,
  "lineage": "0b89d095-b8c2-22ed-f77e-933f6e58f9da",
  "outputs": {
    "application_url": {
      "value": "http://wildlife-alb-ecs-1286662502.us-west-2.elb.amazonaws.com/wildlife",
      "type": "string"
    }
  },
  "resources": [
    {
      "mode": "data",
      "type": "aws_caller_identity",
      "name": "current",
      "provider": "provider[\"registry.terraform.io/hashicorp/aws\"]",
      "instances": [
        {
          "schema_version": 0,
          "attributes": {
            "account_id": "489619622105",
            "arn": "arn:aws:sts::489619622105:assumed-role/wildlife-iamrole-developer/aws-go-sdk-1782941820353663473",
            "id": "489619622105",
            "user_id": "AROAXD742RDMSOJGMOU47:aws-go-sdk-1782941820353663473"
          },
          "sensitive_attributes": [],
          "identity_schema_version": 0
        }
      ]
    },
    {
      "mode": "data",
      "type": "aws_iam_instance_profile",
      "name": "ecs",
      "provider": "provider[\"registry.terraform.io/hashicorp/aws\"]",
      "instances": [
        {
          "schema_version": 0,
          "attributes": {
            "arn": "arn:aws:iam::489619622105:instance-profile/wildlife-iamprofile-ecs",
            "create_date": "2026-06-30 05:01:01 +0000 UTC",
            "id": "AIPAXD742RDMUWC52T5BJ",
            "name": "wildlife-iamprofile-ecs",
            "path": "/",
            "role_arn": "arn:aws:iam::489619622105:role/wildlife-iamrole-ecs",
            "role_id": "AROAXD742RDMRD7OT53BH",
            "role_name": "wildlife-iamrole-ecs"
          },
          "sensitive_attributes": [],
          "identity_schema_version": 0
        }
      ]
    },
    {
      "mode": "data",
      "type": "aws_iam_policy",
      "name": "application_data_policy",
      "provider": "provider[\"registry.terraform.io/hashicorp/aws\"]",
      "instances": [
        {
          "schema_version": 0,
          "attributes": {
            "arn": "arn:aws:iam::489619622105:policy/wildlife-iampolicy-application-data",
            "attachment_count": 2,
            "description": "Application data access permissions (S3, EFS)",
            "id": "arn:aws:iam::489619622105:policy/wildlife-iampolicy-application-data",
            "name": "wildlife-iampolicy-application-data",
            "path": "/",
            "path_prefix": null,
            "policy": "{\"Version\":\"2012-10-17\",\"Statement\":[{\"Action\":[\"s3:PutObject\",\"s3:GetObject\",\"s3:DeleteObject\",\"s3:ListBucket\",\"s3:ListObjectsV2\",\"s3:GetObjectVersion\",\"s3:GetBucketLocation\"],\"Resource\":[\"arn:aws:s3:::aws102-ws-s3bucketwildlife-kftpkarnijyv\",\"arn:aws:s3:::aws102-ws-s3bucketwildlife-kftpkarnijyv/*\"],\"Effect\":\"Allow\",\"Sid\":\"S3WildlifeBucketAccess\"},{\"Action\":[\"elasticfilesystem:ClientMount\",\"elasticfilesystem:ClientWrite\",\"elasticfilesystem:ClientRootAccess\",\"elasticfilesystem:DescribeFileSystems\",\"elasticfilesystem:DescribeMountTargets\"],\"Resource\":[\"arn:aws:elasticfilesystem:us-west-2:489619622105:file-system/*\",\"arn:aws:elasticfilesystem:us-west-2:489619622105:mount-target/*\"],\"Effect\":\"Allow\",\"Sid\":\"EFSWildlifeAccess\"},{\"Action\":[\"kms:Decrypt\",\"kms:DescribeKey\",\"kms:GenerateDataKey\"],\"Resource\":[\"arn:aws:kms:us-west-2:489619622105:key/1701d8be-ffc0-4201-9434-9e3f74ce524a\"],\"Effect\":\"Allow\",\"Sid\":\"KMSDataAccess\"}]}",
            "policy_id": "ANPAXD742RDM2HZWFB6D7",
            "tags": {}
          },
          "sensitive_attributes": [],
          "identity_schema_version": 0
        }
      ]
    },
    {
      "mode": "data",
      "type": "aws_iam_role",
      "name": "ecs_task",
      "provider": "provider[\"registry.terraform.io/hashicorp/aws\"]",
      "instances": [
        {
          "schema_version": 0,
          "attributes": {
            "arn": "arn:aws:iam::489619622105:role/wildlife-iamrole-ecs-task",
            "assume_role_policy": "{\"Version\":\"2012-10-17\",\"Statement\":[{\"Effect\":\"Allow\",\"Principal\":{\"Service\":\"ecs-tasks.amazonaws.com\"},\"Action\":\"sts:AssumeRole\"}]}",
            "create_date": "2026-06-30T05:00:41Z",
            "description": "ECS task role",
            "id": "wildlife-iamrole-ecs-task",
            "max_session_duration": 3600,
            "name": "wildlife-iamrole-ecs-task",
            "path": "/",
            "permissions_boundary": "",
            "role_last_used": [
              {
                "last_used_date": "",
                "region": ""
              }
            ],
            "tags": {
              "Name": "wildlife-iamrole-ecs-task",
              "environment": "production",
              "provisioner": "CFN",
              "resourcetype": "security",
              "solution": "SampleDeveloperEnvironment"
            },
            "unique_id": "AROAXD742RDM3ITJSAL3O"
          },
          "sensitive_attributes": [],
          "identity_schema_version": 0
        }
      ]
    },
    {
      "mode": "data",
      "type": "aws_iam_role",
      "name": "ecs_task_execution",
      "provider": "provider[\"registry.terraform.io/hashicorp/aws\"]",
      "instances": [
        {
          "schema_version": 0,
          "attributes": {
            "arn": "arn:aws:iam::489619622105:role/wildlife-iamrole-ecs-task-execution",
            "assume_role_policy": "{\"Version\":\"2012-10-17\",\"Statement\":[{\"Effect\":\"Allow\",\"Principal\":{\"Service\":\"ecs-tasks.amazonaws.com\"},\"Action\":\"sts:AssumeRole\"}]}",
            "create_date": "2026-06-30T05:00:41Z",
            "description": "ECS task execution role",
            "id": "wildlife-iamrole-ecs-task-execution",
            "max_session_duration": 3600,
            "name": "wildlife-iamrole-ecs-task-execution",
            "path": "/",
            "permissions_boundary": "",
            "role_last_used": [
              {
                "last_used_date": "2026-07-01T21:29:47Z",
                "region": "us-west-2"
              }
            ],
            "tags": {
              "Name": "wildlife-iamrole-ecs-task-execution",
              "environment": "production",
              "provisioner": "CFN",
              "resourcetype": "security",
              "solution": "SampleDeveloperEnvironment"
            },
            "unique_id": "AROAXD742RDM3KXZF6PZG"
          },
          "sensitive_attributes": [],
          "identity_schema_version": 0
        }
      ]
    },
    {
      "mode": "data",
      "type": "aws_key_pair",
      "name": "main",
      "provider": "provider[\"registry.terraform.io/hashicorp/aws\"]",
      "instances": [
        {
          "schema_version": 0,
          "attributes": {
            "arn": "arn:aws:ec2:us-west-2:489619622105:key-pair/wildlife-ec2-keypair",
            "create_time": "2026-06-30T05:00:39Z",
            "filter": null,
            "fingerprint": "51:c0:86:34:cf:a6:7f:61:ec:20:d5:e0:2f:dd:b6:0b:b9:cb:d5:3e",
            "id": "key-0ae567e0df31afa5a",
            "include_public_key": false,
            "key_name": "wildlife-ec2-keypair",
            "key_pair_id": "key-0ae567e0df31afa5a",
            "key_type": "rsa",
            "public_key": "",
            "region": "us-west-2",
            "tags": {
              "Name": "wildlife-ec2-keypair",
              "environment": "production",
              "provisioner": "CFN",
              "resourcetype": "security",
              "solution": "SampleDeveloperEnvironment"
            },
            "timeouts": null
          },
          "sensitive_attributes": [],
          "identity_schema_version": 0
        }
      ]
    },
    {
      "mode": "data",
      "type": "aws_kms_key",
      "name": "cmk",
      "provider": "provider[\"registry.terraform.io/hashicorp/aws\"]",
      "instances": [
        {
          "schema_version": 0,
          "attributes": {
            "arn": "arn:aws:kms:us-west-2:489619622105:key/1701d8be-ffc0-4201-9434-9e3f74ce524a",
            "aws_account_id": "489619622105",
            "cloud_hsm_cluster_id": "",
            "creation_date": "2026-06-30T05:00:39Z",
            "custom_key_store_id": "",
            "customer_master_key_spec": "SYMMETRIC_DEFAULT",
            "deletion_date": null,
            "description": "Shared encryption key for AWS services",
            "enabled": true,
            "expiration_model": "",
            "grant_tokens": null,
            "id": "1701d8be-ffc0-4201-9434-9e3f74ce524a",
            "key_id": "alias/wildlife-kms-cmk",
            "key_manager": "CUSTOMER",
            "key_spec": "SYMMETRIC_DEFAULT",
            "key_state": "Enabled",
            "key_usage": "ENCRYPT_DECRYPT",
            "multi_region": false,
            "multi_region_configuration": [],
            "origin": "AWS_KMS",
            "pending_deletion_window_in_days": 0,
            "region": "us-west-2",
            "valid_to": null,
            "xks_key_configuration": []
          },
          "sensitive_attributes": [],
          "identity_schema_version": 0
        }
      ]
    },
    {
      "mode": "data",
      "type": "aws_kms_key",
      "name": "default",
      "provider": "provider[\"registry.terraform.io/hashicorp/aws\"]",
      "instances": [
        {
          "schema_version": 0,
          "attributes": {
            "arn": "arn:aws:kms:us-west-2:489619622105:key/71917e3c-5908-4c29-a500-513f7e0108b2",
            "aws_account_id": "489619622105",
            "cloud_hsm_cluster_id": "",
            "creation_date": "2026-07-01T20:22:47Z",
            "custom_key_store_id": "",
            "customer_master_key_spec": "SYMMETRIC_DEFAULT",
            "deletion_date": null,
            "description": "Default key that protects my ECR data when no other key is defined",
            "enabled": true,
            "expiration_model": "",
            "grant_tokens": null,
            "id": "71917e3c-5908-4c29-a500-513f7e0108b2",
            "key_id": "alias/aws/ecr",
            "key_manager": "AWS",
            "key_spec": "SYMMETRIC_DEFAULT",
            "key_state": "Enabled",
            "key_usage": "ENCRYPT_DECRYPT",
            "multi_region": false,
            "multi_region_configuration": [],
            "origin": "AWS_KMS",
            "pending_deletion_window_in_days": 0,
            "region": "us-west-2",
            "valid_to": null,
            "xks_key_configuration": []
          },
          "sensitive_attributes": [],
          "identity_schema_version": 0
        }
      ]
    },
    {
      "mode": "data",
      "type": "aws_region",
      "name": "current",
      "provider": "provider[\"registry.terraform.io/hashicorp/aws\"]",
      "instances": [
        {
          "schema_version": 0,
          "attributes": {
            "description": "US West (Oregon)",
            "endpoint": "ec2.us-west-2.amazonaws.com",
            "id": "us-west-2",
            "name": "us-west-2",
            "region": "us-west-2"
          },
          "sensitive_attributes": [],
          "identity_schema_version": 0
        }
      ]
    },
    {
      "mode": "data",
      "type": "aws_security_group",
      "name": "alb",
      "provider": "provider[\"registry.terraform.io/hashicorp/aws\"]",
      "instances": [
        {
          "schema_version": 0,
          "attributes": {
            "arn": "arn:aws:ec2:us-west-2:489619622105:security-group/sg-041d2597bc82e53c2",
            "description": "ALB security group",
            "filter": [
              {
                "name": "group-name",
                "values": [
                  "wildlife-securitygroup-alb"
                ]
              },
              {
                "name": "vpc-id",
                "values": [
                  "vpc-0d517173f0cca27b8"
                ]
              }
            ],
            "id": "sg-041d2597bc82e53c2",
            "name": "wildlife-securitygroup-alb",
            "region": "us-west-2",
            "tags": {
              "Name": "wildlife-securitygroup-alb",
              "environment": "production",
              "provisioner": "CFN",
              "resourcetype": "security",
              "solution": "SampleDeveloperEnvironment"
            },
            "timeouts": null,
            "vpc_id": "vpc-0d517173f0cca27b8"
          },
          "sensitive_attributes": [],
          "identity_schema_version": 0
        }
      ]
    },
    {
      "mode": "data",
      "type": "aws_security_group",
      "name": "app",
      "provider": "provider[\"registry.terraform.io/hashicorp/aws\"]",
      "instances": [
        {
          "schema_version": 0,
          "attributes": {
            "arn": "arn:aws:ec2:us-west-2:489619622105:security-group/sg-09b90e6b4bc7c327a",
            "description": "code-server security group",
            "filter": [
              {
                "name": "group-name",
                "values": [
                  "wildlife-securitygroup-app"
                ]
              },
              {
                "name": "vpc-id",
                "values": [
                  "vpc-0d517173f0cca27b8"
                ]
              }
            ],
            "id": "sg-09b90e6b4bc7c327a",
            "name": "wildlife-securitygroup-app",
            "region": "us-west-2",
            "tags": {
              "Name": "wildlife-securitygroup-app",
              "environment": "production",
              "provisioner": "CFN",
              "resourcetype": "security",
              "solution": "SampleDeveloperEnvironment"
            },
            "timeouts": null,
            "vpc_id": "vpc-0d517173f0cca27b8"
          },
          "sensitive_attributes": [],
          "identity_schema_version": 0
        }
      ]
    },
    {
      "mode": "data",
      "type": "aws_ssm_parameter",
      "name": "ecs_optimized_ami",
      "provider": "provider[\"registry.terraform.io/hashicorp/aws\"]",
      "instances": [
        {
          "schema_version": 0,
          "attributes": {
            "arn": "arn:aws:ssm:us-west-2::parameter/aws/service/ecs/optimized-ami/amazon-linux-2023/arm64/recommended/image_id",
            "id": "/aws/service/ecs/optimized-ami/amazon-linux-2023/arm64/recommended/image_id",
            "insecure_value": "ami-01c84995ed29ba29d",
            "name": "/aws/service/ecs/optimized-ami/amazon-linux-2023/arm64/recommended/image_id",
            "region": "us-west-2",
            "type": "String",
            "value": "ami-01c84995ed29ba29d",
            "version": 135,
            "with_decryption": true
          },
          "sensitive_attributes": [
            [
              {
                "type": "get_attr",
                "value": "value"
              }
            ]
          ],
          "identity_schema_version": 0
        }
      ]
    },
    {
      "mode": "data",
      "type": "aws_subnets",
      "name": "private",
      "provider": "provider[\"registry.terraform.io/hashicorp/aws\"]",
      "instances": [
        {
          "schema_version": 0,
          "attributes": {
            "filter": [
              {
                "name": "tag:Name",
                "values": [
                  "wildlife-subnet-private*"
                ]
              },
              {
                "name": "vpc-id",
                "values": [
                  "vpc-0d517173f0cca27b8"
                ]
              }
            ],
            "id": "us-west-2",
            "ids": [
              "subnet-096926f61ac41df07",
              "subnet-0463be2440692f3e6"
            ],
            "region": "us-west-2",
            "tags": null,
            "timeouts": null
          },
          "sensitive_attributes": [],
          "identity_schema_version": 0
        }
      ]
    },
    {
      "mode": "data",
      "type": "aws_subnets",
      "name": "public",
      "provider": "provider[\"registry.terraform.io/hashicorp/aws\"]",
      "instances": [
        {
          "schema_version": 0,
          "attributes": {
            "filter": [
              {
                "name": "tag:Name",
                "values": [
                  "wildlife-subnet-public*"
                ]
              },
              {
                "name": "vpc-id",
                "values": [
                  "vpc-0d517173f0cca27b8"
                ]
              }
            ],
            "id": "us-west-2",
            "ids": [
              "subnet-08aa58f43921d094e",
              "subnet-0ead2e02590203ede"
            ],
            "region": "us-west-2",
            "tags": null,
            "timeouts": null
          },
          "sensitive_attributes": [],
          "identity_schema_version": 0
        }
      ]
    },
    {
      "mode": "data",
      "type": "aws_vpc",
      "name": "main",
      "provider": "provider[\"registry.terraform.io/hashicorp/aws\"]",
      "instances": [
        {
          "schema_version": 0,
          "attributes": {
            "arn": "arn:aws:ec2:us-west-2:489619622105:vpc/vpc-0d517173f0cca27b8",
            "cidr_block": "10.180.0.0/16",
            "cidr_block_associations": [
              {
                "association_id": "vpc-cidr-assoc-0cb0b08acee575451",
                "cidr_block": "10.180.0.0/16",
                "state": "associated"
              }
            ],
            "default": false,
            "dhcp_options_id": "dopt-0a47b90d2d695298b",
            "enable_dns_hostnames": true,
            "enable_dns_support": true,
            "enable_network_address_usage_metrics": false,
            "filter": [
              {
                "name": "tag:Name",
                "values": [
                  "wildlife-vpc01"
                ]
              }
            ],
            "id": "vpc-0d517173f0cca27b8",
            "instance_tenancy": "default",
            "ipv6_association_id": "",
            "ipv6_cidr_block": "",
            "main_route_table_id": "rtb-0225ca1cae68e914c",
            "owner_id": "489619622105",
            "region": "us-west-2",
            "state": null,
            "tags": {
              "Name": "wildlife-vpc01",
              "environment": "production",
              "provisioner": "CFN",
              "resourcetype": "network",
              "solution": "SampleDeveloperEnvironment"
            },
            "timeouts": null
          },
          "sensitive_attributes": [],
          "identity_schema_version": 0
        }
      ]
    },
    {
      "mode": "managed",
      "type": "aws_autoscaling_group",
      "name": "ecs",
      "provider": "provider[\"registry.terraform.io/hashicorp/aws\"]",
      "instances": [
        {
          "schema_version": 1,
          "attributes": {
            "arn": "arn:aws:autoscaling:us-west-2:489619622105:autoScalingGroup:b80b7687-49be-4921-bdef-d3eb4ddafd17:autoScalingGroupName/wildlife-asg-ecs",
            "availability_zone_distribution": [
              {
                "capacity_distribution_strategy": "balanced-best-effort"
              }
            ],
            "availability_zones": [
              "us-west-2a",
              "us-west-2b"
            ],
            "capacity_rebalance": false,
            "capacity_reservation_specification": [
              {
                "capacity_reservation_preference": "default",
                "capacity_reservation_target": []
              }
            ],
            "context": "",
            "default_cooldown": 300,
            "default_instance_warmup": 0,
            "desired_capacity": 2,
            "desired_capacity_type": "",
            "enabled_metrics": [],
            "force_delete": false,
            "force_delete_warm_pool": false,
            "health_check_grace_period": 300,
            "health_check_type": "EC2",
            "id": "wildlife-asg-ecs",
            "ignore_failed_scaling_activities": false,
            "initial_lifecycle_hook": [],
            "instance_maintenance_policy": [],
            "instance_refresh": [],
            "launch_configuration": "",
            "launch_template": [
              {
                "id": "lt-04175fecb97d1fd83",
                "name": "wildlife-ecs-launchtemplate-20260701202437273100000004",
                "version": "$Latest"
              }
            ],
            "load_balancers": [],
            "max_instance_lifetime": 0,
            "max_size": 2,
            "metrics_granularity": "1Minute",
            "min_elb_capacity": null,
            "min_size": 2,
            "mixed_instances_policy": [],
            "name": "wildlife-asg-ecs",
            "name_prefix": "",
            "placement_group": "",
            "predicted_capacity": 0,
            "protect_from_scale_in": false,
            "region": "us-west-2",
            "service_linked_role_arn": "arn:aws:iam::489619622105:role/aws-service-role/autoscaling.amazonaws.com/AWSServiceRoleForAutoScaling",
            "suspended_processes": [],
            "tag": [
              {
                "key": "AmazonECSManaged",
                "propagate_at_launch": false,
                "value": "true"
              },
              {
                "key": "Name",
                "propagate_at_launch": false,
                "value": "wildlife-asg-ecs"
              },
              {
                "key": "codeblock",
                "propagate_at_launch": false,
                "value": "ecscluster"
              },
              {
                "key": "resourcetype",
                "propagate_at_launch": false,
                "value": "compute"
              }
            ],
            "target_group_arns": [],
            "termination_policies": [],
            "timeouts": null,
            "traffic_source": [],
            "vpc_zone_identifier": [
              "subnet-0463be2440692f3e6",
              "subnet-096926f61ac41df07"
            ],
            "wait_for_capacity_timeout": "10m",
            "wait_for_elb_capacity": null,
            "warm_pool": [],
            "warm_pool_size": 0
          },
          "sensitive_attributes": [],
          "identity_schema_version": 0,
          "private": "eyJlMmJmYjczMC1lY2FhLTExZTYtOGY4OC0zNDM2M2JjN2M0YzAiOnsiZGVsZXRlIjo2MDAwMDAwMDAwMDAsInVwZGF0ZSI6NjAwMDAwMDAwMDAwfSwic2NoZW1hX3ZlcnNpb24iOiIxIn0=",
          "dependencies": [
            "aws_launch_template.ecs",
            "data.aws_iam_instance_profile.ecs",
            "data.aws_key_pair.main",
            "data.aws_security_group.app",
            "data.aws_ssm_parameter.ecs_optimized_ami",
            "data.aws_subnets.private",
            "data.aws_vpc.main"
          ]
        }
      ]
    },
    {
      "mode": "managed",
      "type": "aws_ecs_capacity_provider",
      "name": "ec2",
      "provider": "provider[\"registry.terraform.io/hashicorp/aws\"]",
      "instances": [
        {
          "schema_version": 0,
          "attributes": {
            "arn": "arn:aws:ecs:us-west-2:489619622105:capacity-provider/wildlife-capacity-ec2-tf",
            "auto_scaling_group_provider": [
              {
                "auto_scaling_group_arn": "arn:aws:autoscaling:us-west-2:489619622105:autoScalingGroup:b80b7687-49be-4921-bdef-d3eb4ddafd17:autoScalingGroupName/wildlife-asg-ecs",
                "managed_draining": "ENABLED",
                "managed_scaling": [
                  {
                    "instance_warmup_period": 0,
                    "maximum_scaling_step_size": 2,
                    "minimum_scaling_step_size": 1,
                    "status": "ENABLED",
                    "target_capacity": 100
                  }
                ],
                "managed_termination_protection": "DISABLED"
              }
            ],
            "id": "arn:aws:ecs:us-west-2:489619622105:capacity-provider/wildlife-capacity-ec2-tf",
            "name": "wildlife-capacity-ec2-tf",
            "region": "us-west-2",
            "tags": {
              "Name": "wildlife-capacity-ec2",
              "codeblock": "ecs-cluster",
              "resourcetype": "compute"
            },
            "tags_all": {
              "Environment": "workshop",
              "Name": "wildlife-capacity-ec2",
              "Provisioner": "Terraform",
              "Solution": "wildlife",
              "codeblock": "ecs-cluster",
              "resourcetype": "compute"
            }
          },
          "sensitive_attributes": [],
          "identity_schema_version": 0,
          "identity": {
            "arn": "arn:aws:ecs:us-west-2:489619622105:capacity-provider/wildlife-capacity-ec2-tf"
          },
          "private": "bnVsbA==",
          "dependencies": [
            "aws_autoscaling_group.ecs",
            "aws_launch_template.ecs",
            "data.aws_iam_instance_profile.ecs",
            "data.aws_key_pair.main",
            "data.aws_security_group.app",
            "data.aws_ssm_parameter.ecs_optimized_ami",
            "data.aws_subnets.private",
            "data.aws_vpc.main"
          ]
        }
      ]
    },
    {
      "mode": "managed",
      "type": "aws_ecs_cluster",
      "name": "main",
      "provider": "provider[\"registry.terraform.io/hashicorp/aws\"]",
      "instances": [
        {
          "schema_version": 0,
          "attributes": {
            "arn": "arn:aws:ecs:us-west-2:489619622105:cluster/wildlife-ecs",
            "configuration": [],
            "id": "arn:aws:ecs:us-west-2:489619622105:cluster/wildlife-ecs",
            "name": "wildlife-ecs",
            "region": "us-west-2",
            "service_connect_defaults": [],
            "setting": [
              {
                "name": "containerInsights",
                "value": "enabled"
              }
            ],
            "tags": {
              "Name": "wildlife-ecs",
              "codeblock": "ecs-cluster",
              "resourcetype": "compute"
            },
            "tags_all": {
              "Environment": "workshop",
              "Name": "wildlife-ecs",
              "Provisioner": "Terraform",
              "Solution": "wildlife",
              "codeblock": "ecs-cluster",
              "resourcetype": "compute"
            }
          },
          "sensitive_attributes": [],
          "identity_schema_version": 0,
          "private": "bnVsbA=="
        }
      ]
    },
    {
      "mode": "managed",
      "type": "aws_ecs_cluster_capacity_providers",
      "name": "main",
      "provider": "provider[\"registry.terraform.io/hashicorp/aws\"]",
      "instances": [
        {
          "schema_version": 0,
          "attributes": {
            "capacity_providers": [
              "FARGATE",
              "FARGATE_SPOT",
              "wildlife-capacity-ec2-tf"
            ],
            "cluster_name": "wildlife-ecs",
            "default_capacity_provider_strategy": [
              {
                "base": 1,
                "capacity_provider": "FARGATE",
                "weight": 100
              }
            ],
            "id": "wildlife-ecs",
            "region": "us-west-2"
          },
          "sensitive_attributes": [],
          "identity_schema_version": 0,
          "private": "bnVsbA==",
          "dependencies": [
            "aws_autoscaling_group.ecs",
            "aws_ecs_capacity_provider.ec2",
            "aws_ecs_cluster.main",
            "aws_launch_template.ecs",
            "data.aws_iam_instance_profile.ecs",
            "data.aws_key_pair.main",
            "data.aws_security_group.app",
            "data.aws_ssm_parameter.ecs_optimized_ami",
            "data.aws_subnets.private",
            "data.aws_vpc.main"
          ]
        }
      ]
    },
    {
      "mode": "managed",
      "type": "aws_efs_file_system",
      "name": "mongodb",
      "provider": "provider[\"registry.terraform.io/hashicorp/aws\"]",
      "instances": [
        {
          "schema_version": 0,
          "attributes": {
            "arn": "arn:aws:elasticfilesystem:us-west-2:489619622105:file-system/fs-0952dcb4aaeb90c55",
            "availability_zone_id": "",
            "availability_zone_name": "",
            "creation_token": "wildlife-mongodb",
            "dns_name": "fs-0952dcb4aaeb90c55.efs.us-west-2.amazonaws.com",
            "encrypted": true,
            "id": "fs-0952dcb4aaeb90c55",
            "kms_key_id": "arn:aws:kms:us-west-2:489619622105:key/1701d8be-ffc0-4201-9434-9e3f74ce524a",
            "lifecycle_policy": [],
            "name": "wildlife-mongodb-efs",
            "number_of_mount_targets": 2,
            "owner_id": "489619622105",
            "performance_mode": "generalPurpose",
            "protection": [
              {
                "replication_overwrite": "ENABLED"
              }
            ],
            "provisioned_throughput_in_mibps": 100,
            "region": "us-west-2",
            "size_in_bytes": [
              {
                "value": 6144,
                "value_in_ia": 0,
                "value_in_standard": 6144
              }
            ],
            "tags": {
              "Name": "wildlife-mongodb-efs",
              "codeblock": "efs",
              "resourcetype": "storage"
            },
            "tags_all": {
              "Environment": "workshop",
              "Name": "wildlife-mongodb-efs",
              "Provisioner": "Terraform",
              "Solution": "wildlife",
              "codeblock": "efs",
              "resourcetype": "storage"
            },
            "throughput_mode": "provisioned"
          },
          "sensitive_attributes": [],
          "identity_schema_version": 0,
          "private": "bnVsbA==",
          "dependencies": [
            "data.aws_kms_key.cmk"
          ]
        }
      ]
    },
    {
      "mode": "managed",
      "type": "aws_efs_mount_target",
      "name": "mongodb",
      "provider": "provider[\"registry.terraform.io/hashicorp/aws\"]",
      "instances": [
        {
          "index_key": 0,
          "schema_version": 0,
          "attributes": {
            "availability_zone_id": "usw2-az1",
            "availability_zone_name": "us-west-2a",
            "dns_name": "fs-0952dcb4aaeb90c55.efs.us-west-2.amazonaws.com",
            "file_system_arn": "arn:aws:elasticfilesystem:us-west-2:489619622105:file-system/fs-0952dcb4aaeb90c55",
            "file_system_id": "fs-0952dcb4aaeb90c55",
            "id": "fsmt-098d4d2400500fc98",
            "ip_address": "10.180.3.200",
            "mount_target_dns_name": "us-west-2a.fs-0952dcb4aaeb90c55.efs.us-west-2.amazonaws.com",
            "network_interface_id": "eni-02061bf9ac303b43f",
            "owner_id": "489619622105",
            "region": "us-west-2",
            "security_groups": [
              "sg-09b90e6b4bc7c327a"
            ],
            "subnet_id": "subnet-096926f61ac41df07",
            "timeouts": null
          },
          "sensitive_attributes": [],
          "identity_schema_version": 0,
          "private": "eyJlMmJmYjczMC1lY2FhLTExZTYtOGY4OC0zNDM2M2JjN2M0YzAiOnsiY3JlYXRlIjoxODAwMDAwMDAwMDAwLCJkZWxldGUiOjYwMDAwMDAwMDAwMH19",
          "dependencies": [
            "aws_efs_file_system.mongodb",
            "data.aws_kms_key.cmk",
            "data.aws_security_group.app",
            "data.aws_subnets.private",
            "data.aws_vpc.main"
          ]
        },
        {
          "index_key": 1,
          "schema_version": 0,
          "attributes": {
            "availability_zone_id": "usw2-az2",
            "availability_zone_name": "us-west-2b",
            "dns_name": "fs-0952dcb4aaeb90c55.efs.us-west-2.amazonaws.com",
            "file_system_arn": "arn:aws:elasticfilesystem:us-west-2:489619622105:file-system/fs-0952dcb4aaeb90c55",
            "file_system_id": "fs-0952dcb4aaeb90c55",
            "id": "fsmt-030650e3c31a5d328",
            "ip_address": "10.180.4.128",
            "mount_target_dns_name": "us-west-2b.fs-0952dcb4aaeb90c55.efs.us-west-2.amazonaws.com",
            "network_interface_id": "eni-04092388b6cdc6749",
            "owner_id": "489619622105",
            "region": "us-west-2",
            "security_groups": [
              "sg-09b90e6b4bc7c327a"
            ],
            "subnet_id": "subnet-0463be2440692f3e6",
            "timeouts": null
          },
          "sensitive_attributes": [],
          "identity_schema_version": 0,
          "private": "eyJlMmJmYjczMC1lY2FhLTExZTYtOGY4OC0zNDM2M2JjN2M0YzAiOnsiY3JlYXRlIjoxODAwMDAwMDAwMDAwLCJkZWxldGUiOjYwMDAwMDAwMDAwMH19",
          "dependencies": [
            "aws_efs_file_system.mongodb",
            "data.aws_kms_key.cmk",
            "data.aws_security_group.app",
            "data.aws_subnets.private",
            "data.aws_vpc.main"
          ]
        }
      ]
    },
    {
      "mode": "managed",
      "type": "aws_iam_role_policy_attachment",
      "name": "application_data",
      "provider": "provider[\"registry.terraform.io/hashicorp/aws\"]",
      "instances": [
        {
          "schema_version": 0,
          "attributes": {
            "id": "wildlife-iamrole-ecs-task/arn:aws:iam::489619622105:policy/wildlife-iampolicy-application-data",
            "policy_arn": "arn:aws:iam::489619622105:policy/wildlife-iampolicy-application-data",
            "role": "wildlife-iamrole-ecs-task"
          },
          "sensitive_attributes": [],
          "identity_schema_version": 0,
          "identity": {
            "account_id": "489619622105",
            "policy_arn": "arn:aws:iam::489619622105:policy/wildlife-iampolicy-application-data",
            "role": "wildlife-iamrole-ecs-task"
          },
          "private": "bnVsbA==",
          "dependencies": [
            "data.aws_iam_policy.application_data_policy",
            "data.aws_iam_role.ecs_task"
          ]
        }
      ]
    },
    {
      "mode": "managed",
      "type": "aws_launch_template",
      "name": "ecs",
      "provider": "provider[\"registry.terraform.io/hashicorp/aws\"]",
      "instances": [
        {
          "schema_version": 0,
          "attributes": {
            "arn": "arn:aws:ec2:us-west-2:489619622105:launch-template/lt-04175fecb97d1fd83",
            "block_device_mappings": [],
            "capacity_reservation_specification": [],
            "cpu_options": [],
            "credit_specification": [],
            "default_version": 1,
            "description": "",
            "disable_api_stop": false,
            "disable_api_termination": false,
            "ebs_optimized": "",
            "enclave_options": [],
            "hibernation_options": [],
            "iam_instance_profile": [
              {
                "arn": "",
                "name": "wildlife-iamprofile-ecs"
              }
            ],
            "id": "lt-04175fecb97d1fd83",
            "image_id": "ami-01c84995ed29ba29d",
            "instance_initiated_shutdown_behavior": "",
            "instance_market_options": [],
            "instance_requirements": [],
            "instance_type": "t4g.small",
            "kernel_id": "",
            "key_name": "wildlife-ec2-keypair",
            "latest_version": 1,
            "license_specification": [],
            "maintenance_options": [],
            "metadata_options": [
              {
                "http_endpoint": "enabled",
                "http_protocol_ipv6": "",
                "http_put_response_hop_limit": 1,
                "http_tokens": "required",
                "instance_metadata_tags": "enabled"
              }
            ],
            "monitoring": [],
            "name": "wildlife-ecs-launchtemplate-20260701202437273100000004",
            "name_prefix": "wildlife-ecs-launchtemplate-",
            "network_interfaces": [],
            "placement": [],
            "private_dns_name_options": [],
            "ram_disk_id": "",
            "region": "us-west-2",
            "security_group_names": [],
            "tag_specifications": [
              {
                "resource_type": "instance",
                "tags": {
                  "Name": "wildlife-ecs-instance",
                  "codeblock": "ecs-cluster",
                  "resourcetype": "compute"
                }
              }
            ],
            "tags": {
              "Name": "wildlife-ecs-launch-template",
              "codeblock": "ecs-cluster",
              "resourcetype": "compute"
            },
            "tags_all": {
              "Environment": "workshop",
              "Name": "wildlife-ecs-launch-template",
              "Provisioner": "Terraform",
              "Solution": "wildlife",
              "codeblock": "ecs-cluster",
              "resourcetype": "compute"
            },
            "update_default_version": null,
            "user_data": "IyEvYmluL2Jhc2gKIyBodHRwczovL2RvY3MuYXdzLmFtYXpvbi5jb20vQW1hem9uRUNTL2xhdGVzdC9kZXZlbG9wZXJndWlkZS9ib290c3RyYXBfY29udGFpbmVyX2luc3RhbmNlLmh0bWwKY2F0IDw8J0VPRicgPj4gL2V0Yy9lY3MvZWNzLmNvbmZpZwpFQ1NfQ0xVU1RFUj13aWxkbGlmZS1lY3MKRUNTX0xPR0xFVkVMPWluZm8KRUNTX0FWQUlMQUJMRV9MT0dHSU5HX0RSSVZFUlM9WyJqc29uLWZpbGUiLCJhd3Nsb2dzIl0KRU9G",
            "vpc_security_group_ids": [
              "sg-09b90e6b4bc7c327a"
            ]
          },
          "sensitive_attributes": [
            [
              {
                "type": "get_attr",
                "value": "image_id"
              }
            ]
          ],
          "identity_schema_version": 0,
          "private": "bnVsbA==",
          "dependencies": [
            "data.aws_iam_instance_profile.ecs",
            "data.aws_key_pair.main",
            "data.aws_security_group.app",
            "data.aws_ssm_parameter.ecs_optimized_ami",
            "data.aws_vpc.main"
          ]
        }
      ]
    },
    {
      "mode": "managed",
      "type": "aws_lb",
      "name": "main",
      "provider": "provider[\"registry.terraform.io/hashicorp/aws\"]",
      "instances": [
        {
          "schema_version": 0,
          "attributes": {
            "access_logs": [
              {
                "bucket": "",
                "enabled": false,
                "prefix": ""
              }
            ],
            "arn": "arn:aws:elasticloadbalancing:us-west-2:489619622105:loadbalancer/app/wildlife-alb-ecs/2ea2cf5f4b24ce03",
            "arn_suffix": "app/wildlife-alb-ecs/2ea2cf5f4b24ce03",
            "client_keep_alive": 3600,
            "connection_logs": [
              {
                "bucket": "",
                "enabled": false,
                "prefix": ""
              }
            ],
            "customer_owned_ipv4_pool": "",
            "desync_mitigation_mode": "defensive",
            "dns_name": "wildlife-alb-ecs-1286662502.us-west-2.elb.amazonaws.com",
            "dns_record_client_routing_policy": null,
            "drop_invalid_header_fields": true,
            "enable_cross_zone_load_balancing": true,
            "enable_deletion_protection": false,
            "enable_http2": true,
            "enable_tls_version_and_cipher_suite_headers": false,
            "enable_waf_fail_open": false,
            "enable_xff_client_port": false,
            "enable_zonal_shift": false,
            "enforce_security_group_inbound_rules_on_private_link_traffic": "",
            "id": "arn:aws:elasticloadbalancing:us-west-2:489619622105:loadbalancer/app/wildlife-alb-ecs/2ea2cf5f4b24ce03",
            "idle_timeout": 60,
            "internal": false,
            "ip_address_type": "ipv4",
            "ipam_pools": [],
            "load_balancer_type": "application",
            "minimum_load_balancer_capacity": [],
            "name": "wildlife-alb-ecs",
            "name_prefix": "",
            "preserve_host_header": false,
            "region": "us-west-2",
            "security_groups": [
              "sg-041d2597bc82e53c2"
            ],
            "subnet_mapping": [
              {
                "allocation_id": "",
                "ipv6_address": "",
                "outpost_id": "",
                "private_ipv4_address": "",
                "subnet_id": "subnet-08aa58f43921d094e"
              },
              {
                "allocation_id": "",
                "ipv6_address": "",
                "outpost_id": "",
                "private_ipv4_address": "",
                "subnet_id": "subnet-0ead2e02590203ede"
              }
            ],
            "subnets": [
              "subnet-08aa58f43921d094e",
              "subnet-0ead2e02590203ede"
            ],
            "tags": {
              "Name": "wildlife-alb-ecs",
              "codeblock": "load-balancer",
              "resourcetype": "network"
            },
            "tags_all": {
              "Environment": "workshop",
              "Name": "wildlife-alb-ecs",
              "Provisioner": "Terraform",
              "Solution": "wildlife",
              "codeblock": "load-balancer",
              "resourcetype": "network"
            },
            "timeouts": null,
            "vpc_id": "vpc-0d517173f0cca27b8",
            "xff_header_processing_mode": "append",
            "zone_id": "Z1H1FL5HABSF5"
          },
          "sensitive_attributes": [],
          "identity_schema_version": 0,
          "identity": {
            "arn": "arn:aws:elasticloadbalancing:us-west-2:489619622105:loadbalancer/app/wildlife-alb-ecs/2ea2cf5f4b24ce03"
          },
          "private": "eyJlMmJmYjczMC1lY2FhLTExZTYtOGY4OC0zNDM2M2JjN2M0YzAiOnsiY3JlYXRlIjo2MDAwMDAwMDAwMDAsImRlbGV0ZSI6NjAwMDAwMDAwMDAwLCJ1cGRhdGUiOjYwMDAwMDAwMDAwMH19",
          "dependencies": [
            "data.aws_security_group.alb",
            "data.aws_subnets.public",
            "data.aws_vpc.main"
          ]
        }
      ]
    },
    {
      "mode": "managed",
      "type": "aws_lb_listener",
      "name": "frontend",
      "provider": "provider[\"registry.terraform.io/hashicorp/aws\"]",
      "instances": [
        {
          "schema_version": 0,
          "attributes": {
            "alpn_policy": null,
            "arn": "arn:aws:elasticloadbalancing:us-west-2:489619622105:listener/app/wildlife-alb-ecs/2ea2cf5f4b24ce03/e3de3211826ecb80",
            "certificate_arn": null,
            "default_action": [
              {
                "authenticate_cognito": [],
                "authenticate_oidc": [],
                "fixed_response": [],
                "forward": [],
                "order": 1,
                "redirect": [],
                "target_group_arn": "arn:aws:elasticloadbalancing:us-west-2:489619622105:targetgroup/wildlife-targetgroup-ecs/9cfe6dd30adbdfc7",
                "type": "forward"
              }
            ],
            "id": "arn:aws:elasticloadbalancing:us-west-2:489619622105:listener/app/wildlife-alb-ecs/2ea2cf5f4b24ce03/e3de3211826ecb80",
            "load_balancer_arn": "arn:aws:elasticloadbalancing:us-west-2:489619622105:loadbalancer/app/wildlife-alb-ecs/2ea2cf5f4b24ce03",
            "mutual_authentication": [],
            "port": 80,
            "protocol": "HTTP",
            "region": "us-west-2",
            "routing_http_request_x_amzn_mtls_clientcert_header_name": null,
            "routing_http_request_x_amzn_mtls_clientcert_issuer_header_name": null,
            "routing_http_request_x_amzn_mtls_clientcert_leaf_header_name": null,
            "routing_http_request_x_amzn_mtls_clientcert_serial_number_header_name": null,
            "routing_http_request_x_amzn_mtls_clientcert_subject_header_name": null,
            "routing_http_request_x_amzn_mtls_clientcert_validity_header_name": null,
            "routing_http_request_x_amzn_tls_cipher_suite_header_name": null,
            "routing_http_request_x_amzn_tls_version_header_name": null,
            "routing_http_response_access_control_allow_credentials_header_value": "",
            "routing_http_response_access_control_allow_headers_header_value": "",
            "routing_http_response_access_control_allow_methods_header_value": "",
            "routing_http_response_access_control_allow_origin_header_value": "",
            "routing_http_response_access_control_expose_headers_header_value": "",
            "routing_http_response_access_control_max_age_header_value": "",
            "routing_http_response_content_security_policy_header_value": "",
            "routing_http_response_server_enabled": true,
            "routing_http_response_strict_transport_security_header_value": "",
            "routing_http_response_x_content_type_options_header_value": "",
            "routing_http_response_x_frame_options_header_value": "",
            "ssl_policy": "",
            "tags": {
              "Name": "wildlife-alb-listener",
              "codeblock": "load-balancer",
              "resourcetype": "network"
            },
            "tags_all": {
              "Environment": "workshop",
              "Name": "wildlife-alb-listener",
              "Provisioner": "Terraform",
              "Solution": "wildlife",
              "codeblock": "load-balancer",
              "resourcetype": "network"
            },
            "tcp_idle_timeout_seconds": null,
            "timeouts": null
          },
          "sensitive_attributes": [],
          "identity_schema_version": 0,
          "identity": {
            "arn": "arn:aws:elasticloadbalancing:us-west-2:489619622105:listener/app/wildlife-alb-ecs/2ea2cf5f4b24ce03/e3de3211826ecb80"
          },
          "private": "eyJlMmJmYjczMC1lY2FhLTExZTYtOGY4OC0zNDM2M2JjN2M0YzAiOnsiY3JlYXRlIjozMDAwMDAwMDAwMDAsInVwZGF0ZSI6MzAwMDAwMDAwMDAwfX0=",
          "dependencies": [
            "aws_lb.main",
            "aws_lb_target_group.frontend",
            "data.aws_security_group.alb",
            "data.aws_subnets.public",
            "data.aws_vpc.main"
          ]
        }
      ]
    },
    {
      "mode": "managed",
      "type": "aws_lb_target_group",
      "name": "frontend",
      "provider": "provider[\"registry.terraform.io/hashicorp/aws\"]",
      "instances": [
        {
          "schema_version": 0,
          "attributes": {
            "arn": "arn:aws:elasticloadbalancing:us-west-2:489619622105:targetgroup/wildlife-targetgroup-ecs/9cfe6dd30adbdfc7",
            "arn_suffix": "targetgroup/wildlife-targetgroup-ecs/9cfe6dd30adbdfc7",
            "connection_termination": null,
            "deregistration_delay": "300",
            "health_check": [
              {
                "enabled": true,
                "healthy_threshold": 2,
                "interval": 30,
                "matcher": "200",
                "path": "/wildlife/health",
                "port": "traffic-port",
                "protocol": "HTTP",
                "timeout": 5,
                "unhealthy_threshold": 2
              }
            ],
            "id": "arn:aws:elasticloadbalancing:us-west-2:489619622105:targetgroup/wildlife-targetgroup-ecs/9cfe6dd30adbdfc7",
            "ip_address_type": "ipv4",
            "lambda_multi_value_headers_enabled": false,
            "load_balancer_arns": [
              "arn:aws:elasticloadbalancing:us-west-2:489619622105:loadbalancer/app/wildlife-alb-ecs/2ea2cf5f4b24ce03"
            ],
            "load_balancing_algorithm_type": "round_robin",
            "load_balancing_anomaly_mitigation": "off",
            "load_balancing_cross_zone_enabled": "use_load_balancer_configuration",
            "name": "wildlife-targetgroup-ecs",
            "name_prefix": "",
            "port": 5000,
            "preserve_client_ip": null,
            "protocol": "HTTP",
            "protocol_version": "HTTP1",
            "proxy_protocol_v2": false,
            "region": "us-west-2",
            "slow_start": 0,
            "stickiness": [
              {
                "cookie_duration": 86400,
                "cookie_name": "",
                "enabled": false,
                "type": "lb_cookie"
              }
            ],
            "tags": {
              "Name": "wildlife-targetgroup-ecs",
              "codeblock": "load-balancer",
              "resourcetype": "network"
            },
            "tags_all": {
              "Environment": "workshop",
              "Name": "wildlife-targetgroup-ecs",
              "Provisioner": "Terraform",
              "Solution": "wildlife",
              "codeblock": "load-balancer",
              "resourcetype": "network"
            },
            "target_failover": [
              {
                "on_deregistration": null,
                "on_unhealthy": null
              }
            ],
            "target_group_health": [
              {
                "dns_failover": [
                  {
                    "minimum_healthy_targets_count": "1",
                    "minimum_healthy_targets_percentage": "off"
                  }
                ],
                "unhealthy_state_routing": [
                  {
                    "minimum_healthy_targets_count": 1,
                    "minimum_healthy_targets_percentage": "off"
                  }
                ]
              }
            ],
            "target_health_state": [
              {
                "enable_unhealthy_connection_termination": null,
                "unhealthy_draining_interval": null
              }
            ],
            "target_type": "ip",
            "vpc_id": "vpc-0d517173f0cca27b8"
          },
          "sensitive_attributes": [],
          "identity_schema_version": 0,
          "identity": {
            "arn": "arn:aws:elasticloadbalancing:us-west-2:489619622105:targetgroup/wildlife-targetgroup-ecs/9cfe6dd30adbdfc7"
          },
          "private": "bnVsbA==",
          "dependencies": [
            "data.aws_vpc.main"
          ]
        }
      ]
    },
    {
      "mode": "managed",
      "type": "aws_security_group_rule",
      "name": "alb_http_public",
      "provider": "provider[\"registry.terraform.io/hashicorp/aws\"]",
      "instances": [
        {
          "schema_version": 2,
          "attributes": {
            "cidr_blocks": [
              "0.0.0.0/0"
            ],
            "description": "Allow HTTP access from user",
            "from_port": 80,
            "id": "sgrule-2796764007",
            "ipv6_cidr_blocks": null,
            "prefix_list_ids": null,
            "protocol": "tcp",
            "region": "us-west-2",
            "security_group_id": "sg-041d2597bc82e53c2",
            "security_group_rule_id": "sgr-0ee01d1fcf1eef024",
            "self": false,
            "source_security_group_id": null,
            "timeouts": null,
            "to_port": 80,
            "type": "ingress"
          },
          "sensitive_attributes": [],
          "identity_schema_version": 0,
          "private": "eyJlMmJmYjczMC1lY2FhLTExZTYtOGY4OC0zNDM2M2JjN2M0YzAiOnsiY3JlYXRlIjozMDAwMDAwMDAwMDB9LCJzY2hlbWFfdmVyc2lvbiI6IjIifQ==",
          "dependencies": [
            "data.aws_security_group.alb",
            "data.aws_vpc.main"
          ]
        }
      ]
    },
    {
      "mode": "managed",
      "type": "aws_service_discovery_http_namespace",
      "name": "main",
      "provider": "provider[\"registry.terraform.io/hashicorp/aws\"]",
      "instances": [
        {
          "schema_version": 0,
          "attributes": {
            "arn": "arn:aws:servicediscovery:us-west-2:489619622105:namespace/ns-ghjcn75yv42wbqlx",
            "description": "Service Connect namespace for application",
            "http_name": "wildlife",
            "id": "ns-ghjcn75yv42wbqlx",
            "name": "wildlife",
            "region": "us-west-2",
            "tags": {
              "Name": "wildlife-namespace",
              "codeblock": "service-connect",
              "resourcetype": "network"
            },
            "tags_all": {
              "Environment": "workshop",
              "Name": "wildlife-namespace",
              "Provisioner": "Terraform",
              "Solution": "wildlife",
              "codeblock": "service-connect",
              "resourcetype": "network"
            }
          },
          "sensitive_attributes": [],
          "identity_schema_version": 0,
          "private": "bnVsbA=="
        }
      ]
    },
    {
      "mode": "managed",
      "type": "aws_vpc_endpoint",
      "name": "ecr_api",
      "provider": "provider[\"registry.terraform.io/hashicorp/aws\"]",
      "instances": [
        {
          "schema_version": 0,
          "attributes": {
            "arn": "arn:aws:ec2:us-west-2:489619622105:vpc-endpoint/vpce-0d1b4a08950a56f1c",
            "auto_accept": null,
            "cidr_blocks": [],
            "dns_entry": [
              {
                "dns_name": "vpce-0d1b4a08950a56f1c-xbdybadm.api.ecr.us-west-2.vpce.amazonaws.com",
                "hosted_zone_id": "Z1YSA3EXCYUU9Z"
              },
              {
                "dns_name": "vpce-0d1b4a08950a56f1c-xbdybadm-us-west-2b.api.ecr.us-west-2.vpce.amazonaws.com",
                "hosted_zone_id": "Z1YSA3EXCYUU9Z"
              },
              {
                "dns_name": "vpce-0d1b4a08950a56f1c-xbdybadm-us-west-2a.api.ecr.us-west-2.vpce.amazonaws.com",
                "hosted_zone_id": "Z1YSA3EXCYUU9Z"
              },
              {
                "dns_name": "api.ecr.us-west-2.amazonaws.com",
                "hosted_zone_id": "Z087312933GBM8Z3ACQAG"
              },
              {
                "dns_name": "ecr.us-west-2.api.aws",
                "hosted_zone_id": "Z08957552WQ9B4X2XUPRK"
              }
            ],
            "dns_options": [
              {
                "dns_record_ip_type": "ipv4",
                "private_dns_only_for_inbound_resolver_endpoint": false
              }
            ],
            "id": "vpce-0d1b4a08950a56f1c",
            "ip_address_type": "ipv4",
            "network_interface_ids": [
              "eni-019d2fc9cba0e4b7a",
              "eni-049ad08fd14ed4ea2"
            ],
            "owner_id": "489619622105",
            "policy": "{\"Statement\":[{\"Action\":\"*\",\"Effect\":\"Allow\",\"Principal\":\"*\",\"Resource\":\"*\"}]}",
            "prefix_list_id": null,
            "private_dns_enabled": true,
            "region": "us-west-2",
            "requester_managed": false,
            "resource_configuration_arn": "",
            "route_table_ids": [],
            "security_group_ids": [
              "sg-09b90e6b4bc7c327a"
            ],
            "service_name": "com.amazonaws.us-west-2.ecr.api",
            "service_network_arn": "",
            "service_region": "us-west-2",
            "state": "available",
            "subnet_configuration": [
              {
                "ipv4": "10.180.3.63",
                "ipv6": "",
                "subnet_id": "subnet-096926f61ac41df07"
              },
              {
                "ipv4": "10.180.4.215",
                "ipv6": "",
                "subnet_id": "subnet-0463be2440692f3e6"
              }
            ],
            "subnet_ids": [
              "subnet-0463be2440692f3e6",
              "subnet-096926f61ac41df07"
            ],
            "tags": {
              "Name": "wildlife-vpce-ecr-api",
              "codeblock": "vpc-endpoints",
              "resourcetype": "network"
            },
            "tags_all": {
              "Environment": "workshop",
              "Name": "wildlife-vpce-ecr-api",
              "Provisioner": "Terraform",
              "Solution": "wildlife",
              "codeblock": "vpc-endpoints",
              "resourcetype": "network"
            },
            "timeouts": null,
            "vpc_endpoint_type": "Interface",
            "vpc_id": "vpc-0d517173f0cca27b8"
          },
          "sensitive_attributes": [],
          "identity_schema_version": 0,
          "private": "eyJlMmJmYjczMC1lY2FhLTExZTYtOGY4OC0zNDM2M2JjN2M0YzAiOnsiY3JlYXRlIjo2MDAwMDAwMDAwMDAsImRlbGV0ZSI6NjAwMDAwMDAwMDAwLCJ1cGRhdGUiOjYwMDAwMDAwMDAwMH19",
          "dependencies": [
            "data.aws_region.current",
            "data.aws_security_group.app",
            "data.aws_subnets.private",
            "data.aws_vpc.main"
          ]
        }
      ]
    },
    {
      "mode": "managed",
      "type": "aws_vpc_endpoint",
      "name": "ecr_dkr",
      "provider": "provider[\"registry.terraform.io/hashicorp/aws\"]",
      "instances": [
        {
          "schema_version": 0,
          "attributes": {
            "arn": "arn:aws:ec2:us-west-2:489619622105:vpc-endpoint/vpce-0110a4511b1982753",
            "auto_accept": null,
            "cidr_blocks": [],
            "dns_entry": [
              {
                "dns_name": "vpce-0110a4511b1982753-kz9qwmnr.dkr.ecr.us-west-2.vpce.amazonaws.com",
                "hosted_zone_id": "Z1YSA3EXCYUU9Z"
              },
              {
                "dns_name": "vpce-0110a4511b1982753-kz9qwmnr-us-west-2a.dkr.ecr.us-west-2.vpce.amazonaws.com",
                "hosted_zone_id": "Z1YSA3EXCYUU9Z"
              },
              {
                "dns_name": "vpce-0110a4511b1982753-kz9qwmnr-us-west-2b.dkr.ecr.us-west-2.vpce.amazonaws.com",
                "hosted_zone_id": "Z1YSA3EXCYUU9Z"
              },
              {
                "dns_name": "dkr.ecr.us-west-2.amazonaws.com",
                "hosted_zone_id": "Z04488792W59FMJOZ4THK"
              },
              {
                "dns_name": "*.dkr.ecr.us-west-2.amazonaws.com",
                "hosted_zone_id": "Z04488792W59FMJOZ4THK"
              },
              {
                "dns_name": "dkr-ecr.us-west-2.on.aws",
                "hosted_zone_id": "Z0397601OK2K2XRCPYA4"
              },
              {
                "dns_name": "*.dkr-ecr.us-west-2.on.aws",
                "hosted_zone_id": "Z0397601OK2K2XRCPYA4"
              }
            ],
            "dns_options": [
              {
                "dns_record_ip_type": "ipv4",
                "private_dns_only_for_inbound_resolver_endpoint": false
              }
            ],
            "id": "vpce-0110a4511b1982753",
            "ip_address_type": "ipv4",
            "network_interface_ids": [
              "eni-06f9f8eccdcef8593",
              "eni-0c67a9663c659a81e"
            ],
            "owner_id": "489619622105",
            "policy": "{\"Statement\":[{\"Action\":\"*\",\"Effect\":\"Allow\",\"Principal\":\"*\",\"Resource\":\"*\"}]}",
            "prefix_list_id": null,
            "private_dns_enabled": true,
            "region": "us-west-2",
            "requester_managed": false,
            "resource_configuration_arn": "",
            "route_table_ids": [],
            "security_group_ids": [
              "sg-09b90e6b4bc7c327a"
            ],
            "service_name": "com.amazonaws.us-west-2.ecr.dkr",
            "service_network_arn": "",
            "service_region": "us-west-2",
            "state": "available",
            "subnet_configuration": [
              {
                "ipv4": "10.180.3.76",
                "ipv6": "",
                "subnet_id": "subnet-096926f61ac41df07"
              },
              {
                "ipv4": "10.180.4.9",
                "ipv6": "",
                "subnet_id": "subnet-0463be2440692f3e6"
              }
            ],
            "subnet_ids": [
              "subnet-0463be2440692f3e6",
              "subnet-096926f61ac41df07"
            ],
            "tags": {
              "Name": "wildlife-vpce-ecr-dkr",
              "codeblock": "vpc-endpoints",
              "resourcetype": "network"
            },
            "tags_all": {
              "Environment": "workshop",
              "Name": "wildlife-vpce-ecr-dkr",
              "Provisioner": "Terraform",
              "Solution": "wildlife",
              "codeblock": "vpc-endpoints",
              "resourcetype": "network"
            },
            "timeouts": null,
            "vpc_endpoint_type": "Interface",
            "vpc_id": "vpc-0d517173f0cca27b8"
          },
          "sensitive_attributes": [],
          "identity_schema_version": 0,
          "private": "eyJlMmJmYjczMC1lY2FhLTExZTYtOGY4OC0zNDM2M2JjN2M0YzAiOnsiY3JlYXRlIjo2MDAwMDAwMDAwMDAsImRlbGV0ZSI6NjAwMDAwMDAwMDAwLCJ1cGRhdGUiOjYwMDAwMDAwMDAwMH19",
          "dependencies": [
            "data.aws_region.current",
            "data.aws_security_group.app",
            "data.aws_subnets.private",
            "data.aws_vpc.main"
          ]
        }
      ]
    },
    {
      "mode": "managed",
      "type": "aws_vpc_endpoint",
      "name": "logs",
      "provider": "provider[\"registry.terraform.io/hashicorp/aws\"]",
      "instances": [
        {
          "schema_version": 0,
          "attributes": {
            "arn": "arn:aws:ec2:us-west-2:489619622105:vpc-endpoint/vpce-00f0899db4eff0394",
            "auto_accept": null,
            "cidr_blocks": [],
            "dns_entry": [
              {
                "dns_name": "vpce-00f0899db4eff0394-5vaer89l.logs.us-west-2.vpce.amazonaws.com",
                "hosted_zone_id": "Z1YSA3EXCYUU9Z"
              },
              {
                "dns_name": "vpce-00f0899db4eff0394-5vaer89l-us-west-2a.logs.us-west-2.vpce.amazonaws.com",
                "hosted_zone_id": "Z1YSA3EXCYUU9Z"
              },
              {
                "dns_name": "vpce-00f0899db4eff0394-5vaer89l-us-west-2b.logs.us-west-2.vpce.amazonaws.com",
                "hosted_zone_id": "Z1YSA3EXCYUU9Z"
              },
              {
                "dns_name": "logs.us-west-2.amazonaws.com",
                "hosted_zone_id": "Z0895753EXV11U2MMIOG"
              },
              {
                "dns_name": "streaming-logs.us-west-2.api.aws",
                "hosted_zone_id": "Z08748562MCLG2E06V0K8"
              },
              {
                "dns_name": "logs.us-west-2.api.aws",
                "hosted_zone_id": "Z08957522USNYQCTM3K4M"
              },
              {
                "dns_name": "streaming-logs.us-west-2.amazonaws.com",
                "hosted_zone_id": "Z089634535HR5B8CE19HN"
              }
            ],
            "dns_options": [
              {
                "dns_record_ip_type": "ipv4",
                "private_dns_only_for_inbound_resolver_endpoint": false
              }
            ],
            "id": "vpce-00f0899db4eff0394",
            "ip_address_type": "ipv4",
            "network_interface_ids": [
              "eni-07c36e6dec5974e24",
              "eni-0ccf486b0bb286f74"
            ],
            "owner_id": "489619622105",
            "policy": "{\"Statement\":[{\"Action\":\"*\",\"Effect\":\"Allow\",\"Principal\":\"*\",\"Resource\":\"*\"}]}",
            "prefix_list_id": null,
            "private_dns_enabled": true,
            "region": "us-west-2",
            "requester_managed": false,
            "resource_configuration_arn": "",
            "route_table_ids": [],
            "security_group_ids": [
              "sg-09b90e6b4bc7c327a"
            ],
            "service_name": "com.amazonaws.us-west-2.logs",
            "service_network_arn": "",
            "service_region": "us-west-2",
            "state": "available",
            "subnet_configuration": [
              {
                "ipv4": "10.180.3.251",
                "ipv6": "",
                "subnet_id": "subnet-096926f61ac41df07"
              },
              {
                "ipv4": "10.180.4.32",
                "ipv6": "",
                "subnet_id": "subnet-0463be2440692f3e6"
              }
            ],
            "subnet_ids": [
              "subnet-0463be2440692f3e6",
              "subnet-096926f61ac41df07"
            ],
            "tags": {
              "Name": "wildlife-vpce-logs",
              "codeblock": "vpc-endpoints",
              "resourcetype": "network"
            },
            "tags_all": {
              "Environment": "workshop",
              "Name": "wildlife-vpce-logs",
              "Provisioner": "Terraform",
              "Solution": "wildlife",
              "codeblock": "vpc-endpoints",
              "resourcetype": "network"
            },
            "timeouts": null,
            "vpc_endpoint_type": "Interface",
            "vpc_id": "vpc-0d517173f0cca27b8"
          },
          "sensitive_attributes": [],
          "identity_schema_version": 0,
          "private": "eyJlMmJmYjczMC1lY2FhLTExZTYtOGY4OC0zNDM2M2JjN2M0YzAiOnsiY3JlYXRlIjo2MDAwMDAwMDAwMDAsImRlbGV0ZSI6NjAwMDAwMDAwMDAwLCJ1cGRhdGUiOjYwMDAwMDAwMDAwMH19",
          "dependencies": [
            "data.aws_region.current",
            "data.aws_security_group.app",
            "data.aws_subnets.private",
            "data.aws_vpc.main"
          ]
        }
      ]
    },
    {
      "module": "module.ecr_alerts",
      "mode": "managed",
      "type": "aws_ecr_lifecycle_policy",
      "name": "policy",
      "provider": "provider[\"registry.terraform.io/hashicorp/aws\"]",
      "instances": [
        {
          "schema_version": 0,
          "attributes": {
            "id": "wildlife/alerts",
            "policy": "{\"rules\":[{\"action\":{\"type\":\"expire\"},\"description\":\"Delete untagged images after one day\",\"rulePriority\":1,\"selection\":{\"countNumber\":1,\"countType\":\"sinceImagePushed\",\"countUnit\":\"days\",\"tagStatus\":\"untagged\"}}]}",
            "region": "us-west-2",
            "registry_id": "489619622105",
            "repository": "wildlife/alerts"
          },
          "sensitive_attributes": [],
          "identity_schema_version": 0,
          "private": "bnVsbA==",
          "dependencies": [
            "data.aws_kms_key.default",
            "module.ecr_alerts.aws_ecr_repository.repo"
          ]
        }
      ]
    },
    {
      "module": "module.ecr_alerts",
      "mode": "managed",
      "type": "aws_ecr_repository",
      "name": "repo",
      "provider": "provider[\"registry.terraform.io/hashicorp/aws\"]",
      "instances": [
        {
          "schema_version": 0,
          "attributes": {
            "arn": "arn:aws:ecr:us-west-2:489619622105:repository/wildlife/alerts",
            "encryption_configuration": [
              {
                "encryption_type": "KMS",
                "kms_key": "arn:aws:kms:us-west-2:489619622105:key/71917e3c-5908-4c29-a500-513f7e0108b2"
              }
            ],
            "force_delete": true,
            "id": "wildlife/alerts",
            "image_scanning_configuration": [
              {
                "scan_on_push": true
              }
            ],
            "image_tag_mutability": "MUTABLE",
            "image_tag_mutability_exclusion_filter": [],
            "name": "wildlife/alerts",
            "region": "us-west-2",
            "registry_id": "489619622105",
            "repository_url": "489619622105.dkr.ecr.us-west-2.amazonaws.com/wildlife/alerts",
            "tags": {
              "Name": "wildlife/alerts",
              "codeblock": "ecr-repository",
              "resourcetype": "container"
            },
            "tags_all": {
              "Environment": "workshop",
              "Name": "wildlife/alerts",
              "Provisioner": "Terraform",
              "Solution": "wildlife",
              "codeblock": "ecr-repository",
              "resourcetype": "container"
            },
            "timeouts": null
          },
          "sensitive_attributes": [],
          "identity_schema_version": 0,
          "private": "eyJlMmJmYjczMC1lY2FhLTExZTYtOGY4OC0zNDM2M2JjN2M0YzAiOnsiZGVsZXRlIjoxMjAwMDAwMDAwMDAwfX0=",
          "dependencies": [
            "data.aws_kms_key.default"
          ]
        }
      ]
    },
    {
      "module": "module.ecr_dataapi",
      "mode": "managed",
      "type": "aws_ecr_lifecycle_policy",
      "name": "policy",
      "provider": "provider[\"registry.terraform.io/hashicorp/aws\"]",
      "instances": [
        {
          "schema_version": 0,
          "attributes": {
            "id": "wildlife/dataapi",
            "policy": "{\"rules\":[{\"action\":{\"type\":\"expire\"},\"description\":\"Delete untagged images after one day\",\"rulePriority\":1,\"selection\":{\"countNumber\":1,\"countType\":\"sinceImagePushed\",\"countUnit\":\"days\",\"tagStatus\":\"untagged\"}}]}",
            "region": "us-west-2",
            "registry_id": "489619622105",
            "repository": "wildlife/dataapi"
          },
          "sensitive_attributes": [],
          "identity_schema_version": 0,
          "private": "bnVsbA==",
          "dependencies": [
            "data.aws_kms_key.default",
            "module.ecr_dataapi.aws_ecr_repository.repo"
          ]
        }
      ]
    },
    {
      "module": "module.ecr_dataapi",
      "mode": "managed",
      "type": "aws_ecr_repository",
      "name": "repo",
      "provider": "provider[\"registry.terraform.io/hashicorp/aws\"]",
      "instances": [
        {
          "schema_version": 0,
          "attributes": {
            "arn": "arn:aws:ecr:us-west-2:489619622105:repository/wildlife/dataapi",
            "encryption_configuration": [
              {
                "encryption_type": "KMS",
                "kms_key": "arn:aws:kms:us-west-2:489619622105:key/71917e3c-5908-4c29-a500-513f7e0108b2"
              }
            ],
            "force_delete": true,
            "id": "wildlife/dataapi",
            "image_scanning_configuration": [
              {
                "scan_on_push": true
              }
            ],
            "image_tag_mutability": "MUTABLE",
            "image_tag_mutability_exclusion_filter": [],
            "name": "wildlife/dataapi",
            "region": "us-west-2",
            "registry_id": "489619622105",
            "repository_url": "489619622105.dkr.ecr.us-west-2.amazonaws.com/wildlife/dataapi",
            "tags": {
              "Name": "wildlife/dataapi",
              "codeblock": "ecr-repository",
              "resourcetype": "container"
            },
            "tags_all": {
              "Environment": "workshop",
              "Name": "wildlife/dataapi",
              "Provisioner": "Terraform",
              "Solution": "wildlife",
              "codeblock": "ecr-repository",
              "resourcetype": "container"
            },
            "timeouts": null
          },
          "sensitive_attributes": [],
          "identity_schema_version": 0,
          "private": "eyJlMmJmYjczMC1lY2FhLTExZTYtOGY4OC0zNDM2M2JjN2M0YzAiOnsiZGVsZXRlIjoxMjAwMDAwMDAwMDAwfX0=",
          "dependencies": [
            "data.aws_kms_key.default"
          ]
        }
      ]
    },
    {
      "module": "module.ecr_datadb",
      "mode": "managed",
      "type": "aws_ecr_lifecycle_policy",
      "name": "policy",
      "provider": "provider[\"registry.terraform.io/hashicorp/aws\"]",
      "instances": [
        {
          "schema_version": 0,
          "attributes": {
            "id": "wildlife/datadb",
            "policy": "{\"rules\":[{\"action\":{\"type\":\"expire\"},\"description\":\"Delete untagged images after one day\",\"rulePriority\":1,\"selection\":{\"countNumber\":1,\"countType\":\"sinceImagePushed\",\"countUnit\":\"days\",\"tagStatus\":\"untagged\"}}]}",
            "region": "us-west-2",
            "registry_id": "489619622105",
            "repository": "wildlife/datadb"
          },
          "sensitive_attributes": [],
          "identity_schema_version": 0,
          "private": "bnVsbA==",
          "dependencies": [
            "data.aws_kms_key.default",
            "module.ecr_datadb.aws_ecr_repository.repo"
          ]
        }
      ]
    },
    {
      "module": "module.ecr_datadb",
      "mode": "managed",
      "type": "aws_ecr_repository",
      "name": "repo",
      "provider": "provider[\"registry.terraform.io/hashicorp/aws\"]",
      "instances": [
        {
          "schema_version": 0,
          "attributes": {
            "arn": "arn:aws:ecr:us-west-2:489619622105:repository/wildlife/datadb",
            "encryption_configuration": [
              {
                "encryption_type": "KMS",
                "kms_key": "arn:aws:kms:us-west-2:489619622105:key/71917e3c-5908-4c29-a500-513f7e0108b2"
              }
            ],
            "force_delete": true,
            "id": "wildlife/datadb",
            "image_scanning_configuration": [
              {
                "scan_on_push": true
              }
            ],
            "image_tag_mutability": "MUTABLE",
            "image_tag_mutability_exclusion_filter": [],
            "name": "wildlife/datadb",
            "region": "us-west-2",
            "registry_id": "489619622105",
            "repository_url": "489619622105.dkr.ecr.us-west-2.amazonaws.com/wildlife/datadb",
            "tags": {
              "Name": "wildlife/datadb",
              "codeblock": "ecr-repository",
              "resourcetype": "container"
            },
            "tags_all": {
              "Environment": "workshop",
              "Name": "wildlife/datadb",
              "Provisioner": "Terraform",
              "Solution": "wildlife",
              "codeblock": "ecr-repository",
              "resourcetype": "container"
            },
            "timeouts": null
          },
          "sensitive_attributes": [],
          "identity_schema_version": 0,
          "private": "eyJlMmJmYjczMC1lY2FhLTExZTYtOGY4OC0zNDM2M2JjN2M0YzAiOnsiZGVsZXRlIjoxMjAwMDAwMDAwMDAwfX0=",
          "dependencies": [
            "data.aws_kms_key.default"
          ]
        }
      ]
    },
    {
      "module": "module.ecr_frontend",
      "mode": "managed",
      "type": "aws_ecr_lifecycle_policy",
      "name": "policy",
      "provider": "provider[\"registry.terraform.io/hashicorp/aws\"]",
      "instances": [
        {
          "schema_version": 0,
          "attributes": {
            "id": "wildlife/frontend",
            "policy": "{\"rules\":[{\"action\":{\"type\":\"expire\"},\"description\":\"Delete untagged images after one day\",\"rulePriority\":1,\"selection\":{\"countNumber\":1,\"countType\":\"sinceImagePushed\",\"countUnit\":\"days\",\"tagStatus\":\"untagged\"}}]}",
            "region": "us-west-2",
            "registry_id": "489619622105",
            "repository": "wildlife/frontend"
          },
          "sensitive_attributes": [],
          "identity_schema_version": 0,
          "private": "bnVsbA==",
          "dependencies": [
            "data.aws_kms_key.default",
            "module.ecr_frontend.aws_ecr_repository.repo"
          ]
        }
      ]
    },
    {
      "module": "module.ecr_frontend",
      "mode": "managed",
      "type": "aws_ecr_repository",
      "name": "repo",
      "provider": "provider[\"registry.terraform.io/hashicorp/aws\"]",
      "instances": [
        {
          "schema_version": 0,
          "attributes": {
            "arn": "arn:aws:ecr:us-west-2:489619622105:repository/wildlife/frontend",
            "encryption_configuration": [
              {
                "encryption_type": "KMS",
                "kms_key": "arn:aws:kms:us-west-2:489619622105:key/71917e3c-5908-4c29-a500-513f7e0108b2"
              }
            ],
            "force_delete": true,
            "id": "wildlife/frontend",
            "image_scanning_configuration": [
              {
                "scan_on_push": true
              }
            ],
            "image_tag_mutability": "MUTABLE",
            "image_tag_mutability_exclusion_filter": [],
            "name": "wildlife/frontend",
            "region": "us-west-2",
            "registry_id": "489619622105",
            "repository_url": "489619622105.dkr.ecr.us-west-2.amazonaws.com/wildlife/frontend",
            "tags": {
              "Name": "wildlife/frontend",
              "codeblock": "ecr-repository",
              "resourcetype": "container"
            },
            "tags_all": {
              "Environment": "workshop",
              "Name": "wildlife/frontend",
              "Provisioner": "Terraform",
              "Solution": "wildlife",
              "codeblock": "ecr-repository",
              "resourcetype": "container"
            },
            "timeouts": null
          },
          "sensitive_attributes": [],
          "identity_schema_version": 0,
          "private": "eyJlMmJmYjczMC1lY2FhLTExZTYtOGY4OC0zNDM2M2JjN2M0YzAiOnsiZGVsZXRlIjoxMjAwMDAwMDAwMDAwfX0=",
          "dependencies": [
            "data.aws_kms_key.default"
          ]
        }
      ]
    },
    {
      "module": "module.ecr_media",
      "mode": "managed",
      "type": "aws_ecr_lifecycle_policy",
      "name": "policy",
      "provider": "provider[\"registry.terraform.io/hashicorp/aws\"]",
      "instances": [
        {
          "schema_version": 0,
          "attributes": {
            "id": "wildlife/media",
            "policy": "{\"rules\":[{\"action\":{\"type\":\"expire\"},\"description\":\"Delete untagged images after one day\",\"rulePriority\":1,\"selection\":{\"countNumber\":1,\"countType\":\"sinceImagePushed\",\"countUnit\":\"days\",\"tagStatus\":\"untagged\"}}]}",
            "region": "us-west-2",
            "registry_id": "489619622105",
            "repository": "wildlife/media"
          },
          "sensitive_attributes": [],
          "identity_schema_version": 0,
          "private": "bnVsbA==",
          "dependencies": [
            "data.aws_kms_key.default",
            "module.ecr_media.aws_ecr_repository.repo"
          ]
        }
      ]
    },
    {
      "module": "module.ecr_media",
      "mode": "managed",
      "type": "aws_ecr_repository",
      "name": "repo",
      "provider": "provider[\"registry.terraform.io/hashicorp/aws\"]",
      "instances": [
        {
          "schema_version": 0,
          "attributes": {
            "arn": "arn:aws:ecr:us-west-2:489619622105:repository/wildlife/media",
            "encryption_configuration": [
              {
                "encryption_type": "KMS",
                "kms_key": "arn:aws:kms:us-west-2:489619622105:key/71917e3c-5908-4c29-a500-513f7e0108b2"
              }
            ],
            "force_delete": true,
            "id": "wildlife/media",
            "image_scanning_configuration": [
              {
                "scan_on_push": true
              }
            ],
            "image_tag_mutability": "MUTABLE",
            "image_tag_mutability_exclusion_filter": [],
            "name": "wildlife/media",
            "region": "us-west-2",
            "registry_id": "489619622105",
            "repository_url": "489619622105.dkr.ecr.us-west-2.amazonaws.com/wildlife/media",
            "tags": {
              "Name": "wildlife/media",
              "codeblock": "ecr-repository",
              "resourcetype": "container"
            },
            "tags_all": {
              "Environment": "workshop",
              "Name": "wildlife/media",
              "Provisioner": "Terraform",
              "Solution": "wildlife",
              "codeblock": "ecr-repository",
              "resourcetype": "container"
            },
            "timeouts": null
          },
          "sensitive_attributes": [],
          "identity_schema_version": 0,
          "private": "eyJlMmJmYjczMC1lY2FhLTExZTYtOGY4OC0zNDM2M2JjN2M0YzAiOnsiZGVsZXRlIjoxMjAwMDAwMDAwMDAwfX0=",
          "dependencies": [
            "data.aws_kms_key.default"
          ]
        }
      ]
    },
    {
      "module": "module.service_alerts",
      "mode": "data",
      "type": "aws_region",
      "name": "current",
      "provider": "provider[\"registry.terraform.io/hashicorp/aws\"]",
      "instances": [
        {
          "schema_version": 0,
          "attributes": {
            "description": "US West (Oregon)",
            "endpoint": "ec2.us-west-2.amazonaws.com",
            "id": "us-west-2",
            "name": "us-west-2",
            "region": "us-west-2"
          },
          "sensitive_attributes": [],
          "identity_schema_version": 0
        }
      ]
    },
    {
      "module": "module.service_alerts",
      "mode": "managed",
      "type": "aws_ecs_service",
      "name": "service",
      "provider": "provider[\"registry.terraform.io/hashicorp/aws\"]",
      "instances": [
        {
          "schema_version": 1,
          "attributes": {
            "alarms": [],
            "arn": "arn:aws:ecs:us-west-2:489619622105:service/wildlife-ecs/wildlife-alerts-service",
            "availability_zone_rebalancing": "DISABLED",
            "capacity_provider_strategy": [],
            "cluster": "wildlife-ecs",
            "deployment_circuit_breaker": [
              {
                "enable": false,
                "rollback": false
              }
            ],
            "deployment_configuration": [],
            "deployment_controller": [
              {
                "type": "ECS"
              }
            ],
            "deployment_maximum_percent": 200,
            "deployment_minimum_healthy_percent": 100,
            "desired_count": 2,
            "enable_ecs_managed_tags": false,
            "enable_execute_command": false,
            "force_delete": null,
            "force_new_deployment": null,
            "health_check_grace_period_seconds": 0,
            "iam_role": "/aws-service-role/ecs.amazonaws.com/AWSServiceRoleForECS",
            "id": "arn:aws:ecs:us-west-2:489619622105:service/wildlife-ecs/wildlife-alerts-service",
            "launch_type": "FARGATE",
            "load_balancer": [],
            "name": "wildlife-alerts-service",
            "network_configuration": [
              {
                "assign_public_ip": false,
                "security_groups": [
                  "sg-09b90e6b4bc7c327a"
                ],
                "subnets": [
                  "subnet-0463be2440692f3e6",
                  "subnet-096926f61ac41df07"
                ]
              }
            ],
            "ordered_placement_strategy": [],
            "placement_constraints": [],
            "platform_version": "LATEST",
            "propagate_tags": "NONE",
            "region": "us-west-2",
            "scheduling_strategy": "REPLICA",
            "service_connect_configuration": [
              {
                "enabled": true,
                "log_configuration": [
                  {
                    "log_driver": "awslogs",
                    "options": {
                      "awslogs-create-group": "true",
                      "awslogs-group": "/aws/ecs/service-connect/wildlife-app",
                      "awslogs-region": "us-west-2",
                      "awslogs-stream-prefix": "wildlife"
                    },
                    "secret_option": []
                  }
                ],
                "namespace": "arn:aws:servicediscovery:us-west-2:489619622105:namespace/ns-ghjcn75yv42wbqlx",
                "service": [
                  {
                    "client_alias": [
                      {
                        "dns_name": "wildlife-alerts.wildlife",
                        "port": 5000,
                        "test_traffic_rules": []
                      }
                    ],
                    "discovery_name": "wildlife-alerts",
                    "ingress_port_override": 0,
                    "port_name": "alerts-http",
                    "timeout": [],
                    "tls": []
                  }
                ]
              }
            ],
            "service_registries": [],
            "tags": {
              "Name": "wildlife-alerts-service",
              "codeblock": "ecs-service",
              "resourcetype": "compute"
            },
            "tags_all": {
              "Environment": "workshop",
              "Name": "wildlife-alerts-service",
              "Provisioner": "Terraform",
              "Solution": "wildlife",
              "codeblock": "ecs-service",
              "resourcetype": "compute"
            },
            "task_definition": "arn:aws:ecs:us-west-2:489619622105:task-definition/wildlife-alerts-task:1",
            "timeouts": null,
            "triggers": {},
            "volume_configuration": [],
            "vpc_lattice_configurations": [],
            "wait_for_steady_state": false
          },
          "sensitive_attributes": [],
          "identity_schema_version": 0,
          "private": "eyJlMmJmYjczMC1lY2FhLTExZTYtOGY4OC0zNDM2M2JjN2M0YzAiOnsiY3JlYXRlIjoxMjAwMDAwMDAwMDAwLCJkZWxldGUiOjEyMDAwMDAwMDAwMDAsInVwZGF0ZSI6MTIwMDAwMDAwMDAwMH0sInNjaGVtYV92ZXJzaW9uIjoiMSJ9",
          "dependencies": [
            "aws_ecs_cluster.main",
            "aws_service_discovery_http_namespace.main",
            "data.aws_iam_role.ecs_task",
            "data.aws_iam_role.ecs_task_execution",
            "data.aws_kms_key.default",
            "data.aws_security_group.app",
            "data.aws_subnets.private",
            "data.aws_vpc.main",
            "module.ecr_alerts.aws_ecr_repository.repo",
            "module.ecr_dataapi.aws_ecr_repository.repo",
            "module.ecr_datadb.aws_ecr_repository.repo",
            "module.service_alerts.data.aws_region.current",
            "module.service_dataapi.aws_ecs_service.service",
            "module.service_dataapi.data.aws_region.current",
            "module.service_datadb.aws_ecs_service.service",
            "module.service_datadb.data.aws_region.current",
            "module.task_alerts.aws_ecs_task_definition.task",
            "module.task_alerts.data.aws_region.current",
            "module.task_dataapi.aws_ecs_task_definition.task",
            "module.task_dataapi.data.aws_region.current",
            "module.task_datadb.aws_ecs_task_definition.task",
            "module.task_datadb.data.aws_region.current"
          ]
        }
      ]
    },
    {
      "module": "module.service_dataapi",
      "mode": "data",
      "type": "aws_region",
      "name": "current",
      "provider": "provider[\"registry.terraform.io/hashicorp/aws\"]",
      "instances": [
        {
          "schema_version": 0,
          "attributes": {
            "description": "US West (Oregon)",
            "endpoint": "ec2.us-west-2.amazonaws.com",
            "id": "us-west-2",
            "name": "us-west-2",
            "region": "us-west-2"
          },
          "sensitive_attributes": [],
          "identity_schema_version": 0
        }
      ]
    },
    {
      "module": "module.service_dataapi",
      "mode": "managed",
      "type": "aws_ecs_service",
      "name": "service",
      "provider": "provider[\"registry.terraform.io/hashicorp/aws\"]",
      "instances": [
        {
          "schema_version": 1,
          "attributes": {
            "alarms": [],
            "arn": "arn:aws:ecs:us-west-2:489619622105:service/wildlife-ecs/wildlife-dataapi-service",
            "availability_zone_rebalancing": "DISABLED",
            "capacity_provider_strategy": [],
            "cluster": "wildlife-ecs",
            "deployment_circuit_breaker": [
              {
                "enable": false,
                "rollback": false
              }
            ],
            "deployment_configuration": [],
            "deployment_controller": [
              {
                "type": "ECS"
              }
            ],
            "deployment_maximum_percent": 200,
            "deployment_minimum_healthy_percent": 100,
            "desired_count": 2,
            "enable_ecs_managed_tags": false,
            "enable_execute_command": false,
            "force_delete": null,
            "force_new_deployment": null,
            "health_check_grace_period_seconds": 0,
            "iam_role": "/aws-service-role/ecs.amazonaws.com/AWSServiceRoleForECS",
            "id": "arn:aws:ecs:us-west-2:489619622105:service/wildlife-ecs/wildlife-dataapi-service",
            "launch_type": "FARGATE",
            "load_balancer": [],
            "name": "wildlife-dataapi-service",
            "network_configuration": [
              {
                "assign_public_ip": false,
                "security_groups": [
                  "sg-09b90e6b4bc7c327a"
                ],
                "subnets": [
                  "subnet-0463be2440692f3e6",
                  "subnet-096926f61ac41df07"
                ]
              }
            ],
            "ordered_placement_strategy": [],
            "placement_constraints": [],
            "platform_version": "LATEST",
            "propagate_tags": "NONE",
            "region": "us-west-2",
            "scheduling_strategy": "REPLICA",
            "service_connect_configuration": [
              {
                "enabled": true,
                "log_configuration": [
                  {
                    "log_driver": "awslogs",
                    "options": {
                      "awslogs-create-group": "true",
                      "awslogs-group": "/aws/ecs/service-connect/wildlife-app",
                      "awslogs-region": "us-west-2",
                      "awslogs-stream-prefix": "wildlife"
                    },
                    "secret_option": []
                  }
                ],
                "namespace": "arn:aws:servicediscovery:us-west-2:489619622105:namespace/ns-ghjcn75yv42wbqlx",
                "service": [
                  {
                    "client_alias": [
                      {
                        "dns_name": "wildlife-dataapi.wildlife",
                        "port": 5000,
                        "test_traffic_rules": []
                      }
                    ],
                    "discovery_name": "wildlife-dataapi",
                    "ingress_port_override": 0,
                    "port_name": "data-http",
                    "timeout": [],
                    "tls": []
                  }
                ]
              }
            ],
            "service_registries": [],
            "tags": {
              "Name": "wildlife-dataapi-service",
              "codeblock": "ecs-service",
              "resourcetype": "compute"
            },
            "tags_all": {
              "Environment": "workshop",
              "Name": "wildlife-dataapi-service",
              "Provisioner": "Terraform",
              "Solution": "wildlife",
              "codeblock": "ecs-service",
              "resourcetype": "compute"
            },
            "task_definition": "arn:aws:ecs:us-west-2:489619622105:task-definition/wildlife-dataapi-task:1",
            "timeouts": null,
            "triggers": {},
            "volume_configuration": [],
            "vpc_lattice_configurations": [],
            "wait_for_steady_state": false
          },
          "sensitive_attributes": [],
          "identity_schema_version": 0,
          "private": "eyJlMmJmYjczMC1lY2FhLTExZTYtOGY4OC0zNDM2M2JjN2M0YzAiOnsiY3JlYXRlIjoxMjAwMDAwMDAwMDAwLCJkZWxldGUiOjEyMDAwMDAwMDAwMDAsInVwZGF0ZSI6MTIwMDAwMDAwMDAwMH0sInNjaGVtYV92ZXJzaW9uIjoiMSJ9",
          "dependencies": [
            "aws_ecs_cluster.main",
            "aws_service_discovery_http_namespace.main",
            "data.aws_iam_role.ecs_task",
            "data.aws_iam_role.ecs_task_execution",
            "data.aws_kms_key.default",
            "data.aws_security_group.app",
            "data.aws_subnets.private",
            "data.aws_vpc.main",
            "module.ecr_dataapi.aws_ecr_repository.repo",
            "module.ecr_datadb.aws_ecr_repository.repo",
            "module.service_dataapi.data.aws_region.current",
            "module.service_datadb.aws_ecs_service.service",
            "module.service_datadb.data.aws_region.current",
            "module.task_dataapi.aws_ecs_task_definition.task",
            "module.task_dataapi.data.aws_region.current",
            "module.task_datadb.aws_ecs_task_definition.task",
            "module.task_datadb.data.aws_region.current"
          ]
        }
      ]
    },
    {
      "module": "module.service_datadb",
      "mode": "data",
      "type": "aws_region",
      "name": "current",
      "provider": "provider[\"registry.terraform.io/hashicorp/aws\"]",
      "instances": [
        {
          "schema_version": 0,
          "attributes": {
            "description": "US West (Oregon)",
            "endpoint": "ec2.us-west-2.amazonaws.com",
            "id": "us-west-2",
            "name": "us-west-2",
            "region": "us-west-2"
          },
          "sensitive_attributes": [],
          "identity_schema_version": 0
        }
      ]
    },
    {
      "module": "module.service_datadb",
      "mode": "managed",
      "type": "aws_ecs_service",
      "name": "service",
      "provider": "provider[\"registry.terraform.io/hashicorp/aws\"]",
      "instances": [
        {
          "schema_version": 1,
          "attributes": {
            "alarms": [],
            "arn": "arn:aws:ecs:us-west-2:489619622105:service/wildlife-ecs/wildlife-datadb-service",
            "availability_zone_rebalancing": "DISABLED",
            "capacity_provider_strategy": [],
            "cluster": "wildlife-ecs",
            "deployment_circuit_breaker": [
              {
                "enable": false,
                "rollback": false
              }
            ],
            "deployment_configuration": [],
            "deployment_controller": [
              {
                "type": "ECS"
              }
            ],
            "deployment_maximum_percent": 200,
            "deployment_minimum_healthy_percent": 100,
            "desired_count": 1,
            "enable_ecs_managed_tags": false,
            "enable_execute_command": false,
            "force_delete": null,
            "force_new_deployment": null,
            "health_check_grace_period_seconds": 0,
            "iam_role": "/aws-service-role/ecs.amazonaws.com/AWSServiceRoleForECS",
            "id": "arn:aws:ecs:us-west-2:489619622105:service/wildlife-ecs/wildlife-datadb-service",
            "launch_type": "FARGATE",
            "load_balancer": [],
            "name": "wildlife-datadb-service",
            "network_configuration": [
              {
                "assign_public_ip": false,
                "security_groups": [
                  "sg-09b90e6b4bc7c327a"
                ],
                "subnets": [
                  "subnet-0463be2440692f3e6",
                  "subnet-096926f61ac41df07"
                ]
              }
            ],
            "ordered_placement_strategy": [],
            "placement_constraints": [],
            "platform_version": "LATEST",
            "propagate_tags": "NONE",
            "region": "us-west-2",
            "scheduling_strategy": "REPLICA",
            "service_connect_configuration": [
              {
                "enabled": true,
                "log_configuration": [
                  {
                    "log_driver": "awslogs",
                    "options": {
                      "awslogs-create-group": "true",
                      "awslogs-group": "/aws/ecs/service-connect/wildlife-app",
                      "awslogs-region": "us-west-2",
                      "awslogs-stream-prefix": "wildlife"
                    },
                    "secret_option": []
                  }
                ],
                "namespace": "arn:aws:servicediscovery:us-west-2:489619622105:namespace/ns-ghjcn75yv42wbqlx",
                "service": [
                  {
                    "client_alias": [
                      {
                        "dns_name": "wildlife-datadb.wildlife",
                        "port": 27017,
                        "test_traffic_rules": []
                      }
                    ],
                    "discovery_name": "wildlife-datadb",
                    "ingress_port_override": 0,
                    "port_name": "data-tcp",
                    "timeout": [],
                    "tls": []
                  }
                ]
              }
            ],
            "service_registries": [],
            "tags": {
              "Name": "wildlife-datadb-service",
              "codeblock": "ecs-service",
              "resourcetype": "compute"
            },
            "tags_all": {
              "Environment": "workshop",
              "Name": "wildlife-datadb-service",
              "Provisioner": "Terraform",
              "Solution": "wildlife",
              "codeblock": "ecs-service",
              "resourcetype": "compute"
            },
            "task_definition": "arn:aws:ecs:us-west-2:489619622105:task-definition/wildlife-datadb-task:1",
            "timeouts": null,
            "triggers": {},
            "volume_configuration": [],
            "vpc_lattice_configurations": [],
            "wait_for_steady_state": true
          },
          "sensitive_attributes": [],
          "identity_schema_version": 0,
          "private": "eyJlMmJmYjczMC1lY2FhLTExZTYtOGY4OC0zNDM2M2JjN2M0YzAiOnsiY3JlYXRlIjoxMjAwMDAwMDAwMDAwLCJkZWxldGUiOjEyMDAwMDAwMDAwMDAsInVwZGF0ZSI6MTIwMDAwMDAwMDAwMH0sInNjaGVtYV92ZXJzaW9uIjoiMSJ9",
          "dependencies": [
            "aws_ecs_cluster.main",
            "aws_service_discovery_http_namespace.main",
            "data.aws_iam_role.ecs_task",
            "data.aws_iam_role.ecs_task_execution",
            "data.aws_kms_key.default",
            "data.aws_security_group.app",
            "data.aws_subnets.private",
            "data.aws_vpc.main",
            "module.ecr_datadb.aws_ecr_repository.repo",
            "module.service_datadb.data.aws_region.current",
            "module.task_datadb.aws_ecs_task_definition.task",
            "module.task_datadb.data.aws_region.current"
          ]
        }
      ]
    },
    {
      "module": "module.service_media",
      "mode": "data",
      "type": "aws_region",
      "name": "current",
      "provider": "provider[\"registry.terraform.io/hashicorp/aws\"]",
      "instances": [
        {
          "schema_version": 0,
          "attributes": {
            "description": "US West (Oregon)",
            "endpoint": "ec2.us-west-2.amazonaws.com",
            "id": "us-west-2",
            "name": "us-west-2",
            "region": "us-west-2"
          },
          "sensitive_attributes": [],
          "identity_schema_version": 0
        }
      ]
    },
    {
      "module": "module.task_alerts",
      "mode": "data",
      "type": "aws_caller_identity",
      "name": "current",
      "provider": "provider[\"registry.terraform.io/hashicorp/aws\"]",
      "instances": [
        {
          "schema_version": 0,
          "attributes": {
            "account_id": "489619622105",
            "arn": "arn:aws:sts::489619622105:assumed-role/wildlife-iamrole-developer/aws-go-sdk-1782941820353663473",
            "id": "489619622105",
            "user_id": "AROAXD742RDMSOJGMOU47:aws-go-sdk-1782941820353663473"
          },
          "sensitive_attributes": [],
          "identity_schema_version": 0
        }
      ]
    },
    {
      "module": "module.task_alerts",
      "mode": "data",
      "type": "aws_region",
      "name": "current",
      "provider": "provider[\"registry.terraform.io/hashicorp/aws\"]",
      "instances": [
        {
          "schema_version": 0,
          "attributes": {
            "description": "US West (Oregon)",
            "endpoint": "ec2.us-west-2.amazonaws.com",
            "id": "us-west-2",
            "name": "us-west-2",
            "region": "us-west-2"
          },
          "sensitive_attributes": [],
          "identity_schema_version": 0
        }
      ]
    },
    {
      "module": "module.task_alerts",
      "mode": "managed",
      "type": "aws_ecs_task_definition",
      "name": "task",
      "provider": "provider[\"registry.terraform.io/hashicorp/aws\"]",
      "instances": [
        {
          "schema_version": 1,
          "attributes": {
            "arn": "arn:aws:ecs:us-west-2:489619622105:task-definition/wildlife-alerts-task:1",
            "arn_without_revision": "arn:aws:ecs:us-west-2:489619622105:task-definition/wildlife-alerts-task",
            "container_definitions": "[{\"environment\":[],\"essential\":true,\"image\":\"public.ecr.aws/xray/aws-xray-daemon:latest\",\"logConfiguration\":{\"logDriver\":\"awslogs\",\"options\":{\"awslogs-stream-prefix\":\"ecs\",\"awslogs-group\":\"/aws/ecs/xray-daemon\",\"awslogs-create-group\":\"true\",\"awslogs-region\":\"us-west-2\"}},\"mountPoints\":[],\"name\":\"aws-xray-daemon\",\"portMappings\":[{\"containerPort\":2000,\"hostPort\":2000,\"protocol\":\"udp\"}],\"systemControls\":[],\"volumesFrom\":[]},{\"dependsOn\":[{\"condition\":\"START\",\"containerName\":\"aws-xray-daemon\"}],\"environment\":[{\"name\":\"AWS_XRAY_DAEMON_ADDRESS\",\"value\":\"localhost:2000\"}],\"essential\":true,\"image\":\"489619622105.dkr.ecr.us-west-2.amazonaws.com/wildlife/alerts:latest\",\"logConfiguration\":{\"logDriver\":\"awslogs\",\"options\":{\"awslogs-region\":\"us-west-2\",\"awslogs-stream-prefix\":\"ecs\",\"awslogs-group\":\"/aws/ecs/wildlife-alerts\",\"awslogs-create-group\":\"true\"}},\"mountPoints\":[],\"name\":\"wildlife-alerts\",\"portMappings\":[{\"containerPort\":5000,\"hostPort\":5000,\"name\":\"alerts-http\",\"protocol\":\"tcp\"}],\"readonlyRootFilesystem\":true,\"systemControls\":[],\"volumesFrom\":[]}]",
            "cpu": "512",
            "enable_fault_injection": false,
            "ephemeral_storage": [],
            "execution_role_arn": "arn:aws:iam::489619622105:role/wildlife-iamrole-ecs-task-execution",
            "family": "wildlife-alerts-task",
            "id": "wildlife-alerts-task",
            "ipc_mode": "",
            "memory": "1024",
            "network_mode": "awsvpc",
            "pid_mode": "",
            "placement_constraints": [],
            "proxy_configuration": [],
            "region": "us-west-2",
            "requires_compatibilities": [
              "FARGATE"
            ],
            "revision": 1,
            "runtime_platform": [
              {
                "cpu_architecture": "ARM64",
                "operating_system_family": "LINUX"
              }
            ],
            "skip_destroy": false,
            "tags": {
              "Name": "wildlife-alerts-task",
              "codeblock": "ecs-task-definition",
              "resourcetype": "compute"
            },
            "tags_all": {
              "Environment": "workshop",
              "Name": "wildlife-alerts-task",
              "Provisioner": "Terraform",
              "Solution": "wildlife",
              "codeblock": "ecs-task-definition",
              "resourcetype": "compute"
            },
            "task_role_arn": "arn:aws:iam::489619622105:role/wildlife-iamrole-ecs-task",
            "track_latest": false,
            "volume": []
          },
          "sensitive_attributes": [],
          "identity_schema_version": 0,
          "private": "eyJzY2hlbWFfdmVyc2lvbiI6IjEifQ==",
          "dependencies": [
            "data.aws_iam_role.ecs_task",
            "data.aws_iam_role.ecs_task_execution",
            "data.aws_kms_key.default",
            "module.ecr_alerts.aws_ecr_repository.repo",
            "module.task_alerts.data.aws_region.current"
          ]
        }
      ]
    },
    {
      "module": "module.task_dataapi",
      "mode": "data",
      "type": "aws_caller_identity",
      "name": "current",
      "provider": "provider[\"registry.terraform.io/hashicorp/aws\"]",
      "instances": [
        {
          "schema_version": 0,
          "attributes": {
            "account_id": "489619622105",
            "arn": "arn:aws:sts::489619622105:assumed-role/wildlife-iamrole-developer/aws-go-sdk-1782941820353663473",
            "id": "489619622105",
            "user_id": "AROAXD742RDMSOJGMOU47:aws-go-sdk-1782941820353663473"
          },
          "sensitive_attributes": [],
          "identity_schema_version": 0
        }
      ]
    },
    {
      "module": "module.task_dataapi",
      "mode": "data",
      "type": "aws_region",
      "name": "current",
      "provider": "provider[\"registry.terraform.io/hashicorp/aws\"]",
      "instances": [
        {
          "schema_version": 0,
          "attributes": {
            "description": "US West (Oregon)",
            "endpoint": "ec2.us-west-2.amazonaws.com",
            "id": "us-west-2",
            "name": "us-west-2",
            "region": "us-west-2"
          },
          "sensitive_attributes": [],
          "identity_schema_version": 0
        }
      ]
    },
    {
      "module": "module.task_dataapi",
      "mode": "managed",
      "type": "aws_ecs_task_definition",
      "name": "task",
      "provider": "provider[\"registry.terraform.io/hashicorp/aws\"]",
      "instances": [
        {
          "schema_version": 1,
          "attributes": {
            "arn": "arn:aws:ecs:us-west-2:489619622105:task-definition/wildlife-dataapi-task:1",
            "arn_without_revision": "arn:aws:ecs:us-west-2:489619622105:task-definition/wildlife-dataapi-task",
            "container_definitions": "[{\"environment\":[],\"essential\":true,\"image\":\"public.ecr.aws/xray/aws-xray-daemon:latest\",\"logConfiguration\":{\"logDriver\":\"awslogs\",\"options\":{\"awslogs-stream-prefix\":\"ecs\",\"awslogs-group\":\"/aws/ecs/xray-daemon\",\"awslogs-create-group\":\"true\",\"awslogs-region\":\"us-west-2\"}},\"mountPoints\":[],\"name\":\"aws-xray-daemon\",\"portMappings\":[{\"containerPort\":2000,\"hostPort\":2000,\"protocol\":\"udp\"}],\"systemControls\":[],\"volumesFrom\":[]},{\"dependsOn\":[{\"condition\":\"START\",\"containerName\":\"aws-xray-daemon\"}],\"environment\":[{\"name\":\"AWS_XRAY_DAEMON_ADDRESS\",\"value\":\"localhost:2000\"}],\"essential\":true,\"image\":\"489619622105.dkr.ecr.us-west-2.amazonaws.com/wildlife/dataapi:latest\",\"logConfiguration\":{\"logDriver\":\"awslogs\",\"options\":{\"awslogs-group\":\"/aws/ecs/wildlife-dataapi\",\"awslogs-create-group\":\"true\",\"awslogs-region\":\"us-west-2\",\"awslogs-stream-prefix\":\"ecs\"}},\"mountPoints\":[],\"name\":\"wildlife-dataapi\",\"portMappings\":[{\"containerPort\":5000,\"hostPort\":5000,\"name\":\"data-http\",\"protocol\":\"tcp\"}],\"readonlyRootFilesystem\":true,\"systemControls\":[],\"volumesFrom\":[]}]",
            "cpu": "512",
            "enable_fault_injection": false,
            "ephemeral_storage": [],
            "execution_role_arn": "arn:aws:iam::489619622105:role/wildlife-iamrole-ecs-task-execution",
            "family": "wildlife-dataapi-task",
            "id": "wildlife-dataapi-task",
            "ipc_mode": "",
            "memory": "1024",
            "network_mode": "awsvpc",
            "pid_mode": "",
            "placement_constraints": [],
            "proxy_configuration": [],
            "region": "us-west-2",
            "requires_compatibilities": [
              "FARGATE"
            ],
            "revision": 1,
            "runtime_platform": [
              {
                "cpu_architecture": "ARM64",
                "operating_system_family": "LINUX"
              }
            ],
            "skip_destroy": false,
            "tags": {
              "Name": "wildlife-dataapi-task",
              "codeblock": "ecs-task-definition",
              "resourcetype": "compute"
            },
            "tags_all": {
              "Environment": "workshop",
              "Name": "wildlife-dataapi-task",
              "Provisioner": "Terraform",
              "Solution": "wildlife",
              "codeblock": "ecs-task-definition",
              "resourcetype": "compute"
            },
            "task_role_arn": "arn:aws:iam::489619622105:role/wildlife-iamrole-ecs-task",
            "track_latest": false,
            "volume": []
          },
          "sensitive_attributes": [],
          "identity_schema_version": 0,
          "private": "eyJzY2hlbWFfdmVyc2lvbiI6IjEifQ==",
          "dependencies": [
            "data.aws_iam_role.ecs_task",
            "data.aws_iam_role.ecs_task_execution",
            "data.aws_kms_key.default",
            "module.ecr_dataapi.aws_ecr_repository.repo",
            "module.task_dataapi.data.aws_region.current"
          ]
        }
      ]
    },
    {
      "module": "module.task_datadb",
      "mode": "data",
      "type": "aws_caller_identity",
      "name": "current",
      "provider": "provider[\"registry.terraform.io/hashicorp/aws\"]",
      "instances": [
        {
          "schema_version": 0,
          "attributes": {
            "account_id": "489619622105",
            "arn": "arn:aws:sts::489619622105:assumed-role/wildlife-iamrole-developer/aws-go-sdk-1782941820353663473",
            "id": "489619622105",
            "user_id": "AROAXD742RDMSOJGMOU47:aws-go-sdk-1782941820353663473"
          },
          "sensitive_attributes": [],
          "identity_schema_version": 0
        }
      ]
    },
    {
      "module": "module.task_datadb",
      "mode": "data",
      "type": "aws_region",
      "name": "current",
      "provider": "provider[\"registry.terraform.io/hashicorp/aws\"]",
      "instances": [
        {
          "schema_version": 0,
          "attributes": {
            "description": "US West (Oregon)",
            "endpoint": "ec2.us-west-2.amazonaws.com",
            "id": "us-west-2",
            "name": "us-west-2",
            "region": "us-west-2"
          },
          "sensitive_attributes": [],
          "identity_schema_version": 0
        }
      ]
    },
    {
      "module": "module.task_datadb",
      "mode": "managed",
      "type": "aws_ecs_task_definition",
      "name": "task",
      "provider": "provider[\"registry.terraform.io/hashicorp/aws\"]",
      "instances": [
        {
          "schema_version": 1,
          "attributes": {
            "arn": "arn:aws:ecs:us-west-2:489619622105:task-definition/wildlife-datadb-task:1",
            "arn_without_revision": "arn:aws:ecs:us-west-2:489619622105:task-definition/wildlife-datadb-task",
            "container_definitions": "[{\"environment\":[],\"essential\":true,\"image\":\"public.ecr.aws/xray/aws-xray-daemon:latest\",\"logConfiguration\":{\"logDriver\":\"awslogs\",\"options\":{\"awslogs-group\":\"/aws/ecs/xray-daemon\",\"awslogs-create-group\":\"true\",\"awslogs-region\":\"us-west-2\",\"awslogs-stream-prefix\":\"ecs\"}},\"mountPoints\":[],\"name\":\"aws-xray-daemon\",\"portMappings\":[{\"containerPort\":2000,\"hostPort\":2000,\"protocol\":\"udp\"}],\"systemControls\":[],\"volumesFrom\":[]},{\"dependsOn\":[{\"condition\":\"START\",\"containerName\":\"aws-xray-daemon\"}],\"environment\":[{\"name\":\"AWS_XRAY_DAEMON_ADDRESS\",\"value\":\"localhost:2000\"}],\"essential\":true,\"image\":\"489619622105.dkr.ecr.us-west-2.amazonaws.com/wildlife/datadb:latest\",\"logConfiguration\":{\"logDriver\":\"awslogs\",\"options\":{\"awslogs-group\":\"/aws/ecs/wildlife-datadb\",\"awslogs-create-group\":\"true\",\"awslogs-region\":\"us-west-2\",\"awslogs-stream-prefix\":\"ecs\"}},\"mountPoints\":[],\"name\":\"wildlife-datadb\",\"portMappings\":[{\"containerPort\":27017,\"hostPort\":27017,\"name\":\"data-tcp\",\"protocol\":\"tcp\"}],\"readonlyRootFilesystem\":false,\"systemControls\":[],\"user\":\"0:0\",\"volumesFrom\":[]}]",
            "cpu": "512",
            "enable_fault_injection": false,
            "ephemeral_storage": [],
            "execution_role_arn": "arn:aws:iam::489619622105:role/wildlife-iamrole-ecs-task-execution",
            "family": "wildlife-datadb-task",
            "id": "wildlife-datadb-task",
            "ipc_mode": "",
            "memory": "1024",
            "network_mode": "awsvpc",
            "pid_mode": "",
            "placement_constraints": [],
            "proxy_configuration": [],
            "region": "us-west-2",
            "requires_compatibilities": [
              "FARGATE"
            ],
            "revision": 1,
            "runtime_platform": [
              {
                "cpu_architecture": "ARM64",
                "operating_system_family": "LINUX"
              }
            ],
            "skip_destroy": false,
            "tags": {
              "Name": "wildlife-datadb-task",
              "codeblock": "ecs-task-definition",
              "resourcetype": "compute"
            },
            "tags_all": {
              "Environment": "workshop",
              "Name": "wildlife-datadb-task",
              "Provisioner": "Terraform",
              "Solution": "wildlife",
              "codeblock": "ecs-task-definition",
              "resourcetype": "compute"
            },
            "task_role_arn": "arn:aws:iam::489619622105:role/wildlife-iamrole-ecs-task",
            "track_latest": false,
            "volume": []
          },
          "sensitive_attributes": [],
          "identity_schema_version": 0,
          "private": "eyJzY2hlbWFfdmVyc2lvbiI6IjEifQ==",
          "dependencies": [
            "data.aws_iam_role.ecs_task",
            "data.aws_iam_role.ecs_task_execution",
            "data.aws_kms_key.default",
            "module.ecr_datadb.aws_ecr_repository.repo",
            "module.task_datadb.data.aws_region.current"
          ]
        }
      ]
    },
    {
      "module": "module.task_frontend",
      "mode": "data",
      "type": "aws_caller_identity",
      "name": "current",
      "provider": "provider[\"registry.terraform.io/hashicorp/aws\"]",
      "instances": [
        {
          "schema_version": 0,
          "attributes": {
            "account_id": "489619622105",
            "arn": "arn:aws:sts::489619622105:assumed-role/wildlife-iamrole-developer/aws-go-sdk-1782941820353663473",
            "id": "489619622105",
            "user_id": "AROAXD742RDMSOJGMOU47:aws-go-sdk-1782941820353663473"
          },
          "sensitive_attributes": [],
          "identity_schema_version": 0
        }
      ]
    },
    {
      "module": "module.task_frontend",
      "mode": "data",
      "type": "aws_region",
      "name": "current",
      "provider": "provider[\"registry.terraform.io/hashicorp/aws\"]",
      "instances": [
        {
          "schema_version": 0,
          "attributes": {
            "description": "US West (Oregon)",
            "endpoint": "ec2.us-west-2.amazonaws.com",
            "id": "us-west-2",
            "name": "us-west-2",
            "region": "us-west-2"
          },
          "sensitive_attributes": [],
          "identity_schema_version": 0
        }
      ]
    },
    {
      "module": "module.task_frontend",
      "mode": "managed",
      "type": "aws_ecs_task_definition",
      "name": "task",
      "provider": "provider[\"registry.terraform.io/hashicorp/aws\"]",
      "instances": [
        {
          "schema_version": 1,
          "attributes": {
            "arn": "arn:aws:ecs:us-west-2:489619622105:task-definition/wildlife-frontend-task:1",
            "arn_without_revision": "arn:aws:ecs:us-west-2:489619622105:task-definition/wildlife-frontend-task",
            "container_definitions": "[{\"environment\":[],\"essential\":true,\"image\":\"public.ecr.aws/xray/aws-xray-daemon:latest\",\"logConfiguration\":{\"logDriver\":\"awslogs\",\"options\":{\"awslogs-region\":\"us-west-2\",\"awslogs-stream-prefix\":\"ecs\",\"awslogs-group\":\"/aws/ecs/xray-daemon\",\"awslogs-create-group\":\"true\"}},\"mountPoints\":[],\"name\":\"aws-xray-daemon\",\"portMappings\":[{\"containerPort\":2000,\"hostPort\":2000,\"protocol\":\"udp\"}],\"systemControls\":[],\"volumesFrom\":[]},{\"dependsOn\":[{\"condition\":\"START\",\"containerName\":\"aws-xray-daemon\"}],\"environment\":[{\"name\":\"AWS_XRAY_DAEMON_ADDRESS\",\"value\":\"localhost:2000\"},{\"name\":\"PRIMARY_COLOR\",\"value\":\"#532DB2\"},{\"name\":\"PRIMARY_HOVER\",\"value\":\"#4521A3\"},{\"name\":\"PRIMARY_LIGHT\",\"value\":\"rgba(83, 45, 178, 0.2)\"},{\"name\":\"PRIMARY_SHADOW\",\"value\":\"rgba(83, 45, 178, 0.3)\"}],\"essential\":true,\"image\":\"489619622105.dkr.ecr.us-west-2.amazonaws.com/wildlife/frontend:latest\",\"logConfiguration\":{\"logDriver\":\"awslogs\",\"options\":{\"awslogs-region\":\"us-west-2\",\"awslogs-stream-prefix\":\"ecs\",\"awslogs-group\":\"/aws/ecs/wildlife-frontend\",\"awslogs-create-group\":\"true\"}},\"mountPoints\":[{\"containerPath\":\"/tmp\",\"readOnly\":false,\"sourceVolume\":\"tmp-volume\"}],\"name\":\"wildlife-frontend\",\"portMappings\":[{\"appProtocol\":\"http\",\"containerPort\":5000,\"hostPort\":5000,\"name\":\"frontend-http\",\"protocol\":\"tcp\"}],\"readonlyRootFilesystem\":true,\"systemControls\":[],\"volumesFrom\":[]}]",
            "cpu": "1024",
            "enable_fault_injection": false,
            "ephemeral_storage": [],
            "execution_role_arn": "arn:aws:iam::489619622105:role/wildlife-iamrole-ecs-task-execution",
            "family": "wildlife-frontend-task",
            "id": "wildlife-frontend-task",
            "ipc_mode": "",
            "memory": "2048",
            "network_mode": "awsvpc",
            "pid_mode": "",
            "placement_constraints": [],
            "proxy_configuration": [],
            "region": "us-west-2",
            "requires_compatibilities": [
              "FARGATE"
            ],
            "revision": 1,
            "runtime_platform": [
              {
                "cpu_architecture": "ARM64",
                "operating_system_family": "LINUX"
              }
            ],
            "skip_destroy": false,
            "tags": {
              "Name": "wildlife-frontend-task",
              "codeblock": "ecs-task-definition",
              "resourcetype": "compute"
            },
            "tags_all": {
              "Environment": "workshop",
              "Name": "wildlife-frontend-task",
              "Provisioner": "Terraform",
              "Solution": "wildlife",
              "codeblock": "ecs-task-definition",
              "resourcetype": "compute"
            },
            "task_role_arn": "arn:aws:iam::489619622105:role/wildlife-iamrole-ecs-task",
            "track_latest": false,
            "volume": [
              {
                "configure_at_launch": false,
                "docker_volume_configuration": [],
                "efs_volume_configuration": [],
                "fsx_windows_file_server_volume_configuration": [],
                "host_path": "",
                "name": "tmp-volume"
              }
            ]
          },
          "sensitive_attributes": [],
          "identity_schema_version": 0,
          "private": "eyJzY2hlbWFfdmVyc2lvbiI6IjEifQ==",
          "dependencies": [
            "data.aws_iam_role.ecs_task",
            "data.aws_iam_role.ecs_task_execution",
            "data.aws_kms_key.default",
            "module.ecr_frontend.aws_ecr_repository.repo",
            "module.task_frontend.data.aws_region.current"
          ]
        }
      ]
    },
    {
      "module": "module.task_media",
      "mode": "data",
      "type": "aws_caller_identity",
      "name": "current",
      "provider": "provider[\"registry.terraform.io/hashicorp/aws\"]",
      "instances": [
        {
          "schema_version": 0,
          "attributes": {
            "account_id": "489619622105",
            "arn": "arn:aws:sts::489619622105:assumed-role/wildlife-iamrole-developer/aws-go-sdk-1782941820353663473",
            "id": "489619622105",
            "user_id": "AROAXD742RDMSOJGMOU47:aws-go-sdk-1782941820353663473"
          },
          "sensitive_attributes": [],
          "identity_schema_version": 0
        }
      ]
    },
    {
      "module": "module.task_media",
      "mode": "data",
      "type": "aws_region",
      "name": "current",
      "provider": "provider[\"registry.terraform.io/hashicorp/aws\"]",
      "instances": [
        {
          "schema_version": 0,
          "attributes": {
            "description": "US West (Oregon)",
            "endpoint": "ec2.us-west-2.amazonaws.com",
            "id": "us-west-2",
            "name": "us-west-2",
            "region": "us-west-2"
          },
          "sensitive_attributes": [],
          "identity_schema_version": 0
        }
      ]
    },
    {
      "module": "module.task_media",
      "mode": "managed",
      "type": "aws_ecs_task_definition",
      "name": "task",
      "provider": "provider[\"registry.terraform.io/hashicorp/aws\"]",
      "instances": [
        {
          "schema_version": 1,
          "attributes": {
            "arn": "arn:aws:ecs:us-west-2:489619622105:task-definition/wildlife-media-task:1",
            "arn_without_revision": "arn:aws:ecs:us-west-2:489619622105:task-definition/wildlife-media-task",
            "container_definitions": "[{\"environment\":[],\"essential\":true,\"image\":\"public.ecr.aws/xray/aws-xray-daemon:latest\",\"logConfiguration\":{\"logDriver\":\"awslogs\",\"options\":{\"awslogs-group\":\"/aws/ecs/xray-daemon\",\"awslogs-create-group\":\"true\",\"awslogs-region\":\"us-west-2\",\"awslogs-stream-prefix\":\"ecs\"}},\"mountPoints\":[],\"name\":\"aws-xray-daemon\",\"portMappings\":[{\"containerPort\":2000,\"hostPort\":2000,\"protocol\":\"udp\"}],\"systemControls\":[],\"volumesFrom\":[]},{\"dependsOn\":[{\"condition\":\"START\",\"containerName\":\"aws-xray-daemon\"}],\"environment\":[{\"name\":\"AWS_REGION\",\"value\":\"us-west-2\"},{\"name\":\"AWS_XRAY_DAEMON_ADDRESS\",\"value\":\"localhost:2000\"},{\"name\":\"BUCKET_NAME\",\"value\":\"wildlife-bucket-placeholder\"}],\"essential\":true,\"image\":\"489619622105.dkr.ecr.us-west-2.amazonaws.com/wildlife/media:latest\",\"logConfiguration\":{\"logDriver\":\"awslogs\",\"options\":{\"awslogs-create-group\":\"true\",\"awslogs-region\":\"us-west-2\",\"awslogs-stream-prefix\":\"ecs\",\"awslogs-group\":\"/aws/ecs/wildlife-media\"}},\"mountPoints\":[],\"name\":\"wildlife-media\",\"portMappings\":[{\"containerPort\":5000,\"hostPort\":5000,\"name\":\"media-http\",\"protocol\":\"tcp\"}],\"readonlyRootFilesystem\":false,\"systemControls\":[],\"volumesFrom\":[]}]",
            "cpu": "512",
            "enable_fault_injection": false,
            "ephemeral_storage": [],
            "execution_role_arn": "arn:aws:iam::489619622105:role/wildlife-iamrole-ecs-task-execution",
            "family": "wildlife-media-task",
            "id": "wildlife-media-task",
            "ipc_mode": "",
            "memory": "512",
            "network_mode": "awsvpc",
            "pid_mode": "",
            "placement_constraints": [],
            "proxy_configuration": [],
            "region": "us-west-2",
            "requires_compatibilities": [
              "EC2"
            ],
            "revision": 1,
            "runtime_platform": [
              {
                "cpu_architecture": "ARM64",
                "operating_system_family": "LINUX"
              }
            ],
            "skip_destroy": false,
            "tags": {
              "Name": "wildlife-media-task",
              "codeblock": "ecs-task-definition",
              "resourcetype": "compute"
            },
            "tags_all": {
              "Environment": "workshop",
              "Name": "wildlife-media-task",
              "Provisioner": "Terraform",
              "Solution": "wildlife",
              "codeblock": "ecs-task-definition",
              "resourcetype": "compute"
            },
            "task_role_arn": "arn:aws:iam::489619622105:role/wildlife-iamrole-ecs-task",
            "track_latest": false,
            "volume": []
          },
          "sensitive_attributes": [],
          "identity_schema_version": 0,
          "private": "eyJzY2hlbWFfdmVyc2lvbiI6IjEifQ==",
          "dependencies": [
            "data.aws_iam_role.ecs_task",
            "data.aws_iam_role.ecs_task_execution",
            "data.aws_kms_key.default",
            "data.aws_region.current",
            "module.ecr_media.aws_ecr_repository.repo",
            "module.task_media.data.aws_region.current"
          ]
        }
      ]
    }
  ],
  "check_results": null
}
